{
  "version": 2,
  "dependencies": {
    "net10.0": {
      "Microsoft.AspNetCore.App.Internal.Assets": {
        "type": "Direct",
        "requested": "[10.0.9, )",
        "resolved": "10.0.9",
        "contentHash": "E9Wp/LPKAYkGOVBv4lt5U5TnUA/7pov7QZAwF3eI64kK8AAXqkPDwuadEOwpL1WXEfgecYm0fccluvABp32D8g=="
      },
      "MudBlazor": {
        "type": "Direct",
        "requested": "[9.6.0, )",
        "resolved": "9.6.0",
        "contentHash": "2bziL5wy8axn82R3hPB0WBlK7o+dKYOOje0Jw7E0oqxAhFll/uqZkvVdFR/rfyA5I7sldyPs6eWO6smkMJbDZQ=="
      },
      "hvo.website.themes": {
        "type": "Project",
        "dependencies": {
          "MudBlazor": "[9.6.0, )"
        }
      }
    }
  }
}