{
  "version": 2,
  "dependencies": {
    "net10.0": {
      "Microsoft.AspNetCore.App.Internal.Assets": {
        "type": "Direct",
        "requested": "[10.0.7, )",
        "resolved": "10.0.7",
        "contentHash": "ao3i+ks0uOQ7FWacI1hqHkUczebmXrGkUB63Xhkc34QbSzG9nYBlDv9v5l6rtCrHMsDW+13kZlpJrSj1HXddqg=="
      },
      "MudBlazor": {
        "type": "Direct",
        "requested": "[9.5.0, )",
        "resolved": "9.5.0",
        "contentHash": "mZiuKdOG42RkA/cZhiwNwbBZAKBExDx387ylvxzokcenRFHi8n4tq8olGuXs/oWNX1Qgo7Tj7J0AhOjjSnTpcw=="
      },
      "hvo.website.themes": {
        "type": "Project"
      }
    }
  }
}