
Microsoft Visual Studio Solution File, Format Version 12.00
# Visual Studio Version 17
VisualStudioVersion = 17.0.31903.59
MinimumVisualStudioVersion = 10.0.40219.1
Project("{2150E333-8FDC-42A3-9474-1A3956D46DE8}") = "src", "src", "{827E0CD3-B72D-47B6-A68D-7590B98EB39B}"
EndProject
Project("{FAE04EC0-301F-11D3-BF4B-00C04F79EFBC}") = "HVO.WebSite.v9", "src\HVO.WebSite.v9\HVO.WebSite.v9.csproj", "{43CC8CF0-7850-45CD-A08C-272A63AD1E16}"
EndProject
Project("{FAE04EC0-301F-11D3-BF4B-00C04F79EFBC}") = "HVO.DataModels", "src\HVO.DataModels\HVO.DataModels.csproj", "{1C5B860D-65A1-4803-8BD4-B9357E0DC50B}"
EndProject
Project("{FAE04EC0-301F-11D3-BF4B-00C04F79EFBC}") = "HVO.WebSite.Themes", "src\HVO.WebSite.Themes\HVO.WebSite.Themes.csproj", "{0488CD07-26CD-4DD7-B821-05FBED40F44B}"
EndProject
Project("{42EA0DBD-9CF1-443E-919E-BE9C484E4577}") = "HVO.Database", "src\HVO.Database\HVO.Database.sqlproj", "{E70EB2DD-C73A-43CC-9BF2-A27BE7172335}"
EndProject
Project("{2150E333-8FDC-42A3-9474-1A3956D46DE8}") = "tests", "tests", "{0AB3BF05-4346-4AA6-1389-037BE0695223}"
EndProject
Project("{2150E333-8FDC-42A3-9474-1A3956D46DE8}") = "tools", "tools", "{CAFE0001-1111-2222-3333-444455556666}"
EndProject
Project("{FAE04EC0-301F-11D3-BF4B-00C04F79EFBC}") = "HVO.WebSite.UnitTests", "tests\HVO.WebSite.UnitTests\HVO.WebSite.UnitTests.csproj", "{DECC5FBF-66FB-4940-90D1-699926F90171}"
EndProject
Project("{FAE04EC0-301F-11D3-BF4B-00C04F79EFBC}") = "HVO.WebSite.ApiTests", "tests\HVO.WebSite.ApiTests\HVO.WebSite.ApiTests.csproj", "{41C06B2E-89D7-4EA4-B335-111403136399}"
EndProject
Project("{FAE04EC0-301F-11D3-BF4B-00C04F79EFBC}") = "HVO.WebSite.PlaywrightTests", "tests\HVO.WebSite.PlaywrightTests\HVO.WebSite.PlaywrightTests.csproj", "{54501E55-DB3B-482C-8AED-8444AE0E221C}"
EndProject
Project("{FAE04EC0-301F-11D3-BF4B-00C04F79EFBC}") = "HVO.Hardware.DavisVantagePro2", "src\HVO.Hardware.DavisVantagePro2\HVO.Hardware.DavisVantagePro2.csproj", "{7FF49353-613C-434D-A0B2-D923BE3C12BE}"
EndProject
Project("{FAE04EC0-301F-11D3-BF4B-00C04F79EFBC}") = "HVO.Hardware.DavisVantagePro2.Tests", "tests\HVO.Hardware.DavisVantagePro2.Tests\HVO.Hardware.DavisVantagePro2.Tests.csproj", "{E56ED954-9EE4-491B-A134-FF1263A3C885}"
EndProject
Project("{FAE04EC0-301F-11D3-BF4B-00C04F79EFBC}") = "HVO.Hardware.JkBms", "src\HVO.Hardware.JkBms\HVO.Hardware.JkBms.csproj", "{A1B2C3D4-E5F6-7890-ABCD-EF1234567890}"
EndProject
Project("{FAE04EC0-301F-11D3-BF4B-00C04F79EFBC}") = "HVO.Hardware.JkBms.Tests", "tests\HVO.Hardware.JkBms.Tests\HVO.Hardware.JkBms.Tests.csproj", "{B2C3D4E5-F6A7-8901-BCDE-F12345678901}"
EndProject
Project("{FAE04EC0-301F-11D3-BF4B-00C04F79EFBC}") = "HVO.Staging", "src\HVO.Staging\HVO.Staging.csproj", "{5062B268-F251-43FA-83D3-E30A1E251774}"
EndProject
Project("{FAE04EC0-301F-11D3-BF4B-00C04F79EFBC}") = "HVO.Hardware.VictronSmartShunt", "src\HVO.Hardware.VictronSmartShunt\HVO.Hardware.VictronSmartShunt.csproj", "{D0C00003-1111-2222-3333-444455556666}"
EndProject
Project("{FAE04EC0-301F-11D3-BF4B-00C04F79EFBC}") = "HVO.Hardware.VictronSmartShunt.Tests", "tests\HVO.Hardware.VictronSmartShunt.Tests\HVO.Hardware.VictronSmartShunt.Tests.csproj", "{D0C00004-1111-2222-3333-444455556666}"
EndProject
Project("{FAE04EC0-301F-11D3-BF4B-00C04F79EFBC}") = "HVO.Tools.JkBleConsole", "tools\HVO.Tools.JkBleConsole\HVO.Tools.JkBleConsole.csproj", "{C0DE0001-1111-2222-3333-444455556666}"
EndProject
Project("{FAE04EC0-301F-11D3-BF4B-00C04F79EFBC}") = "HVO.Tools.SmartShuntBleConsole", "tools\HVO.Tools.SmartShuntBleConsole\HVO.Tools.SmartShuntBleConsole.csproj", "{C0DE0002-1111-2222-3333-444455556666}"
EndProject
Project("{FAE04EC0-301F-11D3-BF4B-00C04F79EFBC}") = "HVO.Edge.Contracts", "src\HVO.Edge.Contracts\HVO.Edge.Contracts.csproj", "{451FDCAE-5F78-473D-8698-02615C3DC929}"
EndProject
Project("{FAE04EC0-301F-11D3-BF4B-00C04F79EFBC}") = "HVO.Edge.Outbox", "src\HVO.Edge.Outbox\HVO.Edge.Outbox.csproj", "{73D6692D-A7DD-4950-A8FE-D8EAD8BC9136}"
EndProject
Project("{FAE04EC0-301F-11D3-BF4B-00C04F79EFBC}") = "HVO.Edge.Outbox.Tests", "tests\HVO.Edge.Outbox.Tests\HVO.Edge.Outbox.Tests.csproj", "{9BCAD45A-2012-402F-9087-A2E3725D6957}"
EndProject
Project("{FAE04EC0-301F-11D3-BF4B-00C04F79EFBC}") = "HVO.Edge.Contracts.Tests", "tests\HVO.Edge.Contracts.Tests\HVO.Edge.Contracts.Tests.csproj", "{27392DCD-5D4D-470B-AF01-337C7CEA3D4A}"
EndProject
Project("{FAE04EC0-301F-11D3-BF4B-00C04F79EFBC}") = "HVO.ThemeSandbox", "src\HVO.ThemeSandbox\HVO.ThemeSandbox.csproj", "{780BA883-B35A-435F-AAE5-C5DAE31938B8}"
EndProject
Project("{FAE04EC0-301F-11D3-BF4B-00C04F79EFBC}") = "HVO.Edge.Hosting", "src\HVO.Edge.Hosting\HVO.Edge.Hosting.csproj", "{7D0F7648-FB16-487C-A1CB-BFF9CBFD8A89}"
EndProject
Project("{FAE04EC0-301F-11D3-BF4B-00C04F79EFBC}") = "HVO.Edge.Hosting.Tests", "tests\HVO.Edge.Hosting.Tests\HVO.Edge.Hosting.Tests.csproj", "{FDB78817-3A5C-4FDE-8926-35D2E9897069}"
EndProject
Project("{FAE04EC0-301F-11D3-BF4B-00C04F79EFBC}") = "HVO.Hardware.Eg4", "src\HVO.Hardware.Eg4\HVO.Hardware.Eg4.csproj", "{C00E5567-4D23-45E2-97AB-5C334E763021}"
EndProject
Project("{FAE04EC0-301F-11D3-BF4B-00C04F79EFBC}") = "HVO.Hardware.Eg4.Tests", "tests\HVO.Hardware.Eg4.Tests\HVO.Hardware.Eg4.Tests.csproj", "{80D8CED6-C6B9-4DD7-A506-57461EF28620}"
EndProject
Project("{FAE04EC0-301F-11D3-BF4B-00C04F79EFBC}") = "HVO.Tools.Eg4SerialProbe", "tools\HVO.Tools.Eg4SerialProbe\HVO.Tools.Eg4SerialProbe.csproj", "{7C597DDA-3655-4EA5-80F7-366F5EE9228C}"
EndProject
Project("{FAE04EC0-301F-11D3-BF4B-00C04F79EFBC}") = "HVO.Edge.HomeAssistant.Mqtt", "src\HVO.Edge.HomeAssistant.Mqtt\HVO.Edge.HomeAssistant.Mqtt.csproj", "{2C6C7885-1F24-45D1-9AC5-78A7D064E3F7}"
EndProject
Project("{FAE04EC0-301F-11D3-BF4B-00C04F79EFBC}") = "HVO.Edge.HomeAssistant.Mqtt.Tests", "tests\HVO.Edge.HomeAssistant.Mqtt.Tests\HVO.Edge.HomeAssistant.Mqtt.Tests.csproj", "{006F84AE-C38F-4C9D-8F53-C610845F952D}"
EndProject
Project("{FAE04EC0-301F-11D3-BF4B-00C04F79EFBC}") = "HVO.Edge.Hosting.TestHost", "tests\HVO.Edge.Hosting.TestHost\HVO.Edge.Hosting.TestHost.csproj", "{5A285AA8-18F3-48D0-A3DA-72A42F0212CF}"
EndProject
Project("{FAE04EC0-301F-11D3-BF4B-00C04F79EFBC}") = "HVO.Edge.Exporter.HomeAssistant", "src\HVO.Edge.Exporter.HomeAssistant\HVO.Edge.Exporter.HomeAssistant.csproj", "{5C2648A2-9422-4547-A416-7496DB6E5332}"
EndProject
Project("{FAE04EC0-301F-11D3-BF4B-00C04F79EFBC}") = "HVO.Edge.Exporter.HomeAssistant.Tests", "tests\HVO.Edge.Exporter.HomeAssistant.Tests\HVO.Edge.Exporter.HomeAssistant.Tests.csproj", "{1D13AE17-E8B2-4930-B60E-C6F0351F8A7D}"
EndProject
Project("{FAE04EC0-301F-11D3-BF4B-00C04F79EFBC}") = "HVO.Tools.HomeAssistantEntityMigration", "tools\HVO.Tools.HomeAssistantEntityMigration\HVO.Tools.HomeAssistantEntityMigration.csproj", "{8E925C3D-3F85-4CB0-A47E-0D8AB842D7DC}"
EndProject
Project("{FAE04EC0-301F-11D3-BF4B-00C04F79EFBC}") = "HVO.Tools.HomeAssistantEntityMigration.Tests", "tests\HVO.Tools.HomeAssistantEntityMigration.Tests\HVO.Tools.HomeAssistantEntityMigration.Tests.csproj", "{8A578539-1F8C-49B8-81A6-5958C88AC99B}"
EndProject
Global
	GlobalSection(SolutionConfigurationPlatforms) = preSolution
		Debug|Any CPU = Debug|Any CPU
		Debug|x64 = Debug|x64
		Debug|x86 = Debug|x86
		Release|Any CPU = Release|Any CPU
		Release|x64 = Release|x64
		Release|x86 = Release|x86
	EndGlobalSection
	GlobalSection(ProjectConfigurationPlatforms) = postSolution
		{43CC8CF0-7850-45CD-A08C-272A63AD1E16}.Debug|Any CPU.ActiveCfg = Debug|Any CPU
		{43CC8CF0-7850-45CD-A08C-272A63AD1E16}.Debug|Any CPU.Build.0 = Debug|Any CPU
		{43CC8CF0-7850-45CD-A08C-272A63AD1E16}.Debug|x64.ActiveCfg = Debug|Any CPU
		{43CC8CF0-7850-45CD-A08C-272A63AD1E16}.Debug|x64.Build.0 = Debug|Any CPU
		{43CC8CF0-7850-45CD-A08C-272A63AD1E16}.Debug|x86.ActiveCfg = Debug|Any CPU
		{43CC8CF0-7850-45CD-A08C-272A63AD1E16}.Debug|x86.Build.0 = Debug|Any CPU
		{43CC8CF0-7850-45CD-A08C-272A63AD1E16}.Release|Any CPU.ActiveCfg = Release|Any CPU
		{43CC8CF0-7850-45CD-A08C-272A63AD1E16}.Release|Any CPU.Build.0 = Release|Any CPU
		{43CC8CF0-7850-45CD-A08C-272A63AD1E16}.Release|x64.ActiveCfg = Release|Any CPU
		{43CC8CF0-7850-45CD-A08C-272A63AD1E16}.Release|x64.Build.0 = Release|Any CPU
		{43CC8CF0-7850-45CD-A08C-272A63AD1E16}.Release|x86.ActiveCfg = Release|Any CPU
		{43CC8CF0-7850-45CD-A08C-272A63AD1E16}.Release|x86.Build.0 = Release|Any CPU
		{1C5B860D-65A1-4803-8BD4-B9357E0DC50B}.Debug|Any CPU.ActiveCfg = Debug|Any CPU
		{1C5B860D-65A1-4803-8BD4-B9357E0DC50B}.Debug|Any CPU.Build.0 = Debug|Any CPU
		{1C5B860D-65A1-4803-8BD4-B9357E0DC50B}.Debug|x64.ActiveCfg = Debug|Any CPU
		{1C5B860D-65A1-4803-8BD4-B9357E0DC50B}.Debug|x64.Build.0 = Debug|Any CPU
		{1C5B860D-65A1-4803-8BD4-B9357E0DC50B}.Debug|x86.ActiveCfg = Debug|Any CPU
		{1C5B860D-65A1-4803-8BD4-B9357E0DC50B}.Debug|x86.Build.0 = Debug|Any CPU
		{1C5B860D-65A1-4803-8BD4-B9357E0DC50B}.Release|Any CPU.ActiveCfg = Release|Any CPU
		{1C5B860D-65A1-4803-8BD4-B9357E0DC50B}.Release|Any CPU.Build.0 = Release|Any CPU
		{1C5B860D-65A1-4803-8BD4-B9357E0DC50B}.Release|x64.ActiveCfg = Release|Any CPU
		{1C5B860D-65A1-4803-8BD4-B9357E0DC50B}.Release|x64.Build.0 = Release|Any CPU
		{1C5B860D-65A1-4803-8BD4-B9357E0DC50B}.Release|x86.ActiveCfg = Release|Any CPU
		{1C5B860D-65A1-4803-8BD4-B9357E0DC50B}.Release|x86.Build.0 = Release|Any CPU
		{0488CD07-26CD-4DD7-B821-05FBED40F44B}.Debug|Any CPU.ActiveCfg = Debug|Any CPU
		{0488CD07-26CD-4DD7-B821-05FBED40F44B}.Debug|Any CPU.Build.0 = Debug|Any CPU
		{0488CD07-26CD-4DD7-B821-05FBED40F44B}.Debug|x64.ActiveCfg = Debug|Any CPU
		{0488CD07-26CD-4DD7-B821-05FBED40F44B}.Debug|x64.Build.0 = Debug|Any CPU
		{0488CD07-26CD-4DD7-B821-05FBED40F44B}.Debug|x86.ActiveCfg = Debug|Any CPU
		{0488CD07-26CD-4DD7-B821-05FBED40F44B}.Debug|x86.Build.0 = Debug|Any CPU
		{0488CD07-26CD-4DD7-B821-05FBED40F44B}.Release|Any CPU.ActiveCfg = Release|Any CPU
		{0488CD07-26CD-4DD7-B821-05FBED40F44B}.Release|Any CPU.Build.0 = Release|Any CPU
		{0488CD07-26CD-4DD7-B821-05FBED40F44B}.Release|x64.ActiveCfg = Release|Any CPU
		{0488CD07-26CD-4DD7-B821-05FBED40F44B}.Release|x64.Build.0 = Release|Any CPU
		{0488CD07-26CD-4DD7-B821-05FBED40F44B}.Release|x86.ActiveCfg = Release|Any CPU
		{0488CD07-26CD-4DD7-B821-05FBED40F44B}.Release|x86.Build.0 = Release|Any CPU
		{E70EB2DD-C73A-43CC-9BF2-A27BE7172335}.Debug|Any CPU.ActiveCfg = Debug|Any CPU
		{E70EB2DD-C73A-43CC-9BF2-A27BE7172335}.Debug|Any CPU.Build.0 = Debug|Any CPU
		{E70EB2DD-C73A-43CC-9BF2-A27BE7172335}.Debug|x64.ActiveCfg = Debug|Any CPU
		{E70EB2DD-C73A-43CC-9BF2-A27BE7172335}.Debug|x64.Build.0 = Debug|Any CPU
		{E70EB2DD-C73A-43CC-9BF2-A27BE7172335}.Debug|x86.ActiveCfg = Debug|Any CPU
		{E70EB2DD-C73A-43CC-9BF2-A27BE7172335}.Debug|x86.Build.0 = Debug|Any CPU
		{E70EB2DD-C73A-43CC-9BF2-A27BE7172335}.Release|Any CPU.ActiveCfg = Release|Any CPU
		{E70EB2DD-C73A-43CC-9BF2-A27BE7172335}.Release|Any CPU.Build.0 = Release|Any CPU
		{E70EB2DD-C73A-43CC-9BF2-A27BE7172335}.Release|x64.ActiveCfg = Release|Any CPU
		{E70EB2DD-C73A-43CC-9BF2-A27BE7172335}.Release|x64.Build.0 = Release|Any CPU
		{E70EB2DD-C73A-43CC-9BF2-A27BE7172335}.Release|x86.ActiveCfg = Release|Any CPU
		{E70EB2DD-C73A-43CC-9BF2-A27BE7172335}.Release|x86.Build.0 = Release|Any CPU
		{DECC5FBF-66FB-4940-90D1-699926F90171}.Debug|Any CPU.ActiveCfg = Debug|Any CPU
		{DECC5FBF-66FB-4940-90D1-699926F90171}.Debug|Any CPU.Build.0 = Debug|Any CPU
		{DECC5FBF-66FB-4940-90D1-699926F90171}.Debug|x64.ActiveCfg = Debug|Any CPU
		{DECC5FBF-66FB-4940-90D1-699926F90171}.Debug|x64.Build.0 = Debug|Any CPU
		{DECC5FBF-66FB-4940-90D1-699926F90171}.Debug|x86.ActiveCfg = Debug|Any CPU
		{DECC5FBF-66FB-4940-90D1-699926F90171}.Debug|x86.Build.0 = Debug|Any CPU
		{DECC5FBF-66FB-4940-90D1-699926F90171}.Release|Any CPU.ActiveCfg = Release|Any CPU
		{DECC5FBF-66FB-4940-90D1-699926F90171}.Release|Any CPU.Build.0 = Release|Any CPU
		{DECC5FBF-66FB-4940-90D1-699926F90171}.Release|x64.ActiveCfg = Release|Any CPU
		{DECC5FBF-66FB-4940-90D1-699926F90171}.Release|x64.Build.0 = Release|Any CPU
		{DECC5FBF-66FB-4940-90D1-699926F90171}.Release|x86.ActiveCfg = Release|Any CPU
		{DECC5FBF-66FB-4940-90D1-699926F90171}.Release|x86.Build.0 = Release|Any CPU
		{41C06B2E-89D7-4EA4-B335-111403136399}.Debug|Any CPU.ActiveCfg = Debug|Any CPU
		{41C06B2E-89D7-4EA4-B335-111403136399}.Debug|Any CPU.Build.0 = Debug|Any CPU
		{41C06B2E-89D7-4EA4-B335-111403136399}.Debug|x64.ActiveCfg = Debug|Any CPU
		{41C06B2E-89D7-4EA4-B335-111403136399}.Debug|x64.Build.0 = Debug|Any CPU
		{41C06B2E-89D7-4EA4-B335-111403136399}.Debug|x86.ActiveCfg = Debug|Any CPU
		{41C06B2E-89D7-4EA4-B335-111403136399}.Debug|x86.Build.0 = Debug|Any CPU
		{41C06B2E-89D7-4EA4-B335-111403136399}.Release|Any CPU.ActiveCfg = Release|Any CPU
		{41C06B2E-89D7-4EA4-B335-111403136399}.Release|Any CPU.Build.0 = Release|Any CPU
		{41C06B2E-89D7-4EA4-B335-111403136399}.Release|x64.ActiveCfg = Release|Any CPU
		{41C06B2E-89D7-4EA4-B335-111403136399}.Release|x64.Build.0 = Release|Any CPU
		{41C06B2E-89D7-4EA4-B335-111403136399}.Release|x86.ActiveCfg = Release|Any CPU
		{41C06B2E-89D7-4EA4-B335-111403136399}.Release|x86.Build.0 = Release|Any CPU
		{54501E55-DB3B-482C-8AED-8444AE0E221C}.Debug|Any CPU.ActiveCfg = Debug|Any CPU
		{54501E55-DB3B-482C-8AED-8444AE0E221C}.Debug|Any CPU.Build.0 = Debug|Any CPU
		{54501E55-DB3B-482C-8AED-8444AE0E221C}.Debug|x64.ActiveCfg = Debug|Any CPU
		{54501E55-DB3B-482C-8AED-8444AE0E221C}.Debug|x64.Build.0 = Debug|Any CPU
		{54501E55-DB3B-482C-8AED-8444AE0E221C}.Debug|x86.ActiveCfg = Debug|Any CPU
		{54501E55-DB3B-482C-8AED-8444AE0E221C}.Debug|x86.Build.0 = Debug|Any CPU
		{54501E55-DB3B-482C-8AED-8444AE0E221C}.Release|Any CPU.ActiveCfg = Release|Any CPU
		{54501E55-DB3B-482C-8AED-8444AE0E221C}.Release|Any CPU.Build.0 = Release|Any CPU
		{54501E55-DB3B-482C-8AED-8444AE0E221C}.Release|x64.ActiveCfg = Release|Any CPU
		{54501E55-DB3B-482C-8AED-8444AE0E221C}.Release|x64.Build.0 = Release|Any CPU
		{54501E55-DB3B-482C-8AED-8444AE0E221C}.Release|x86.ActiveCfg = Release|Any CPU
		{54501E55-DB3B-482C-8AED-8444AE0E221C}.Release|x86.Build.0 = Release|Any CPU
		{7FF49353-613C-434D-A0B2-D923BE3C12BE}.Debug|Any CPU.ActiveCfg = Debug|Any CPU
		{7FF49353-613C-434D-A0B2-D923BE3C12BE}.Debug|Any CPU.Build.0 = Debug|Any CPU
		{7FF49353-613C-434D-A0B2-D923BE3C12BE}.Debug|x64.ActiveCfg = Debug|Any CPU
		{7FF49353-613C-434D-A0B2-D923BE3C12BE}.Debug|x64.Build.0 = Debug|Any CPU
		{7FF49353-613C-434D-A0B2-D923BE3C12BE}.Debug|x86.ActiveCfg = Debug|Any CPU
		{7FF49353-613C-434D-A0B2-D923BE3C12BE}.Debug|x86.Build.0 = Debug|Any CPU
		{7FF49353-613C-434D-A0B2-D923BE3C12BE}.Release|Any CPU.ActiveCfg = Release|Any CPU
		{7FF49353-613C-434D-A0B2-D923BE3C12BE}.Release|Any CPU.Build.0 = Release|Any CPU
		{7FF49353-613C-434D-A0B2-D923BE3C12BE}.Release|x64.ActiveCfg = Release|Any CPU
		{7FF49353-613C-434D-A0B2-D923BE3C12BE}.Release|x64.Build.0 = Release|Any CPU
		{7FF49353-613C-434D-A0B2-D923BE3C12BE}.Release|x86.ActiveCfg = Release|Any CPU
		{7FF49353-613C-434D-A0B2-D923BE3C12BE}.Release|x86.Build.0 = Release|Any CPU
		{E56ED954-9EE4-491B-A134-FF1263A3C885}.Debug|Any CPU.ActiveCfg = Debug|Any CPU
		{E56ED954-9EE4-491B-A134-FF1263A3C885}.Debug|Any CPU.Build.0 = Debug|Any CPU
		{E56ED954-9EE4-491B-A134-FF1263A3C885}.Debug|x64.ActiveCfg = Debug|Any CPU
		{E56ED954-9EE4-491B-A134-FF1263A3C885}.Debug|x64.Build.0 = Debug|Any CPU
		{E56ED954-9EE4-491B-A134-FF1263A3C885}.Debug|x86.ActiveCfg = Debug|Any CPU
		{E56ED954-9EE4-491B-A134-FF1263A3C885}.Debug|x86.Build.0 = Debug|Any CPU
		{E56ED954-9EE4-491B-A134-FF1263A3C885}.Release|Any CPU.ActiveCfg = Release|Any CPU
		{E56ED954-9EE4-491B-A134-FF1263A3C885}.Release|Any CPU.Build.0 = Release|Any CPU
		{E56ED954-9EE4-491B-A134-FF1263A3C885}.Release|x64.ActiveCfg = Release|Any CPU
		{E56ED954-9EE4-491B-A134-FF1263A3C885}.Release|x64.Build.0 = Release|Any CPU
		{E56ED954-9EE4-491B-A134-FF1263A3C885}.Release|x86.ActiveCfg = Release|Any CPU
		{E56ED954-9EE4-491B-A134-FF1263A3C885}.Release|x86.Build.0 = Release|Any CPU
		{A1B2C3D4-E5F6-7890-ABCD-EF1234567890}.Debug|Any CPU.ActiveCfg = Debug|Any CPU
		{A1B2C3D4-E5F6-7890-ABCD-EF1234567890}.Debug|Any CPU.Build.0 = Debug|Any CPU
		{A1B2C3D4-E5F6-7890-ABCD-EF1234567890}.Debug|x64.ActiveCfg = Debug|Any CPU
		{A1B2C3D4-E5F6-7890-ABCD-EF1234567890}.Debug|x64.Build.0 = Debug|Any CPU
		{A1B2C3D4-E5F6-7890-ABCD-EF1234567890}.Debug|x86.ActiveCfg = Debug|Any CPU
		{A1B2C3D4-E5F6-7890-ABCD-EF1234567890}.Debug|x86.Build.0 = Debug|Any CPU
		{A1B2C3D4-E5F6-7890-ABCD-EF1234567890}.Release|Any CPU.ActiveCfg = Release|Any CPU
		{A1B2C3D4-E5F6-7890-ABCD-EF1234567890}.Release|Any CPU.Build.0 = Release|Any CPU
		{A1B2C3D4-E5F6-7890-ABCD-EF1234567890}.Release|x64.ActiveCfg = Release|Any CPU
		{A1B2C3D4-E5F6-7890-ABCD-EF1234567890}.Release|x64.Build.0 = Release|Any CPU
		{A1B2C3D4-E5F6-7890-ABCD-EF1234567890}.Release|x86.ActiveCfg = Release|Any CPU
		{A1B2C3D4-E5F6-7890-ABCD-EF1234567890}.Release|x86.Build.0 = Release|Any CPU
		{B2C3D4E5-F6A7-8901-BCDE-F12345678901}.Debug|Any CPU.ActiveCfg = Debug|Any CPU
		{B2C3D4E5-F6A7-8901-BCDE-F12345678901}.Debug|Any CPU.Build.0 = Debug|Any CPU
		{B2C3D4E5-F6A7-8901-BCDE-F12345678901}.Debug|x64.ActiveCfg = Debug|Any CPU
		{B2C3D4E5-F6A7-8901-BCDE-F12345678901}.Debug|x64.Build.0 = Debug|Any CPU
		{B2C3D4E5-F6A7-8901-BCDE-F12345678901}.Debug|x86.ActiveCfg = Debug|Any CPU
		{B2C3D4E5-F6A7-8901-BCDE-F12345678901}.Debug|x86.Build.0 = Debug|Any CPU
		{B2C3D4E5-F6A7-8901-BCDE-F12345678901}.Release|Any CPU.ActiveCfg = Release|Any CPU
		{B2C3D4E5-F6A7-8901-BCDE-F12345678901}.Release|Any CPU.Build.0 = Release|Any CPU
		{B2C3D4E5-F6A7-8901-BCDE-F12345678901}.Release|x64.ActiveCfg = Release|Any CPU
		{B2C3D4E5-F6A7-8901-BCDE-F12345678901}.Release|x64.Build.0 = Release|Any CPU
		{B2C3D4E5-F6A7-8901-BCDE-F12345678901}.Release|x86.ActiveCfg = Release|Any CPU
		{B2C3D4E5-F6A7-8901-BCDE-F12345678901}.Release|x86.Build.0 = Release|Any CPU
		{5062B268-F251-43FA-83D3-E30A1E251774}.Debug|Any CPU.ActiveCfg = Debug|Any CPU
		{5062B268-F251-43FA-83D3-E30A1E251774}.Debug|Any CPU.Build.0 = Debug|Any CPU
		{5062B268-F251-43FA-83D3-E30A1E251774}.Debug|x64.ActiveCfg = Debug|Any CPU
		{5062B268-F251-43FA-83D3-E30A1E251774}.Debug|x64.Build.0 = Debug|Any CPU
		{5062B268-F251-43FA-83D3-E30A1E251774}.Debug|x86.ActiveCfg = Debug|Any CPU
		{5062B268-F251-43FA-83D3-E30A1E251774}.Debug|x86.Build.0 = Debug|Any CPU
		{5062B268-F251-43FA-83D3-E30A1E251774}.Release|Any CPU.ActiveCfg = Release|Any CPU
		{5062B268-F251-43FA-83D3-E30A1E251774}.Release|Any CPU.Build.0 = Release|Any CPU
		{5062B268-F251-43FA-83D3-E30A1E251774}.Release|x64.ActiveCfg = Release|Any CPU
		{5062B268-F251-43FA-83D3-E30A1E251774}.Release|x64.Build.0 = Release|Any CPU
		{5062B268-F251-43FA-83D3-E30A1E251774}.Release|x86.ActiveCfg = Release|Any CPU
		{5062B268-F251-43FA-83D3-E30A1E251774}.Release|x86.Build.0 = Release|Any CPU
		{D0C00003-1111-2222-3333-444455556666}.Debug|Any CPU.ActiveCfg = Debug|Any CPU
		{D0C00003-1111-2222-3333-444455556666}.Debug|Any CPU.Build.0 = Debug|Any CPU
		{D0C00003-1111-2222-3333-444455556666}.Debug|x64.ActiveCfg = Debug|Any CPU
		{D0C00003-1111-2222-3333-444455556666}.Debug|x64.Build.0 = Debug|Any CPU
		{D0C00003-1111-2222-3333-444455556666}.Debug|x86.ActiveCfg = Debug|Any CPU
		{D0C00003-1111-2222-3333-444455556666}.Debug|x86.Build.0 = Debug|Any CPU
		{D0C00003-1111-2222-3333-444455556666}.Release|Any CPU.ActiveCfg = Release|Any CPU
		{D0C00003-1111-2222-3333-444455556666}.Release|Any CPU.Build.0 = Release|Any CPU
		{D0C00003-1111-2222-3333-444455556666}.Release|x64.ActiveCfg = Release|Any CPU
		{D0C00003-1111-2222-3333-444455556666}.Release|x64.Build.0 = Release|Any CPU
		{D0C00003-1111-2222-3333-444455556666}.Release|x86.ActiveCfg = Release|Any CPU
		{D0C00003-1111-2222-3333-444455556666}.Release|x86.Build.0 = Release|Any CPU
		{D0C00004-1111-2222-3333-444455556666}.Debug|Any CPU.ActiveCfg = Debug|Any CPU
		{D0C00004-1111-2222-3333-444455556666}.Debug|Any CPU.Build.0 = Debug|Any CPU
		{D0C00004-1111-2222-3333-444455556666}.Debug|x64.ActiveCfg = Debug|Any CPU
		{D0C00004-1111-2222-3333-444455556666}.Debug|x64.Build.0 = Debug|Any CPU
		{D0C00004-1111-2222-3333-444455556666}.Debug|x86.ActiveCfg = Debug|Any CPU
		{D0C00004-1111-2222-3333-444455556666}.Debug|x86.Build.0 = Debug|Any CPU
		{D0C00004-1111-2222-3333-444455556666}.Release|Any CPU.ActiveCfg = Release|Any CPU
		{D0C00004-1111-2222-3333-444455556666}.Release|Any CPU.Build.0 = Release|Any CPU
		{D0C00004-1111-2222-3333-444455556666}.Release|x64.ActiveCfg = Release|Any CPU
		{D0C00004-1111-2222-3333-444455556666}.Release|x64.Build.0 = Release|Any CPU
		{D0C00004-1111-2222-3333-444455556666}.Release|x86.ActiveCfg = Release|Any CPU
		{D0C00004-1111-2222-3333-444455556666}.Release|x86.Build.0 = Release|Any CPU
		{C0DE0001-1111-2222-3333-444455556666}.Debug|Any CPU.ActiveCfg = Debug|Any CPU
		{C0DE0001-1111-2222-3333-444455556666}.Debug|Any CPU.Build.0 = Debug|Any CPU
		{C0DE0001-1111-2222-3333-444455556666}.Debug|x64.ActiveCfg = Debug|Any CPU
		{C0DE0001-1111-2222-3333-444455556666}.Debug|x64.Build.0 = Debug|Any CPU
		{C0DE0001-1111-2222-3333-444455556666}.Debug|x86.ActiveCfg = Debug|Any CPU
		{C0DE0001-1111-2222-3333-444455556666}.Debug|x86.Build.0 = Debug|Any CPU
		{C0DE0001-1111-2222-3333-444455556666}.Release|Any CPU.ActiveCfg = Release|Any CPU
		{C0DE0001-1111-2222-3333-444455556666}.Release|Any CPU.Build.0 = Release|Any CPU
		{C0DE0001-1111-2222-3333-444455556666}.Release|x64.ActiveCfg = Release|Any CPU
		{C0DE0001-1111-2222-3333-444455556666}.Release|x64.Build.0 = Release|Any CPU
		{C0DE0001-1111-2222-3333-444455556666}.Release|x86.ActiveCfg = Release|Any CPU
		{C0DE0001-1111-2222-3333-444455556666}.Release|x86.Build.0 = Release|Any CPU
		{C0DE0002-1111-2222-3333-444455556666}.Debug|Any CPU.ActiveCfg = Debug|Any CPU
		{C0DE0002-1111-2222-3333-444455556666}.Debug|Any CPU.Build.0 = Debug|Any CPU
		{C0DE0002-1111-2222-3333-444455556666}.Debug|x64.ActiveCfg = Debug|Any CPU
		{C0DE0002-1111-2222-3333-444455556666}.Debug|x64.Build.0 = Debug|Any CPU
		{C0DE0002-1111-2222-3333-444455556666}.Debug|x86.ActiveCfg = Debug|Any CPU
		{C0DE0002-1111-2222-3333-444455556666}.Debug|x86.Build.0 = Debug|Any CPU
		{C0DE0002-1111-2222-3333-444455556666}.Release|Any CPU.ActiveCfg = Release|Any CPU
		{C0DE0002-1111-2222-3333-444455556666}.Release|Any CPU.Build.0 = Release|Any CPU
		{C0DE0002-1111-2222-3333-444455556666}.Release|x64.ActiveCfg = Release|Any CPU
		{C0DE0002-1111-2222-3333-444455556666}.Release|x64.Build.0 = Release|Any CPU
		{C0DE0002-1111-2222-3333-444455556666}.Release|x86.ActiveCfg = Release|Any CPU
		{C0DE0002-1111-2222-3333-444455556666}.Release|x86.Build.0 = Release|Any CPU
		{451FDCAE-5F78-473D-8698-02615C3DC929}.Debug|Any CPU.ActiveCfg = Debug|Any CPU
		{451FDCAE-5F78-473D-8698-02615C3DC929}.Debug|Any CPU.Build.0 = Debug|Any CPU
		{451FDCAE-5F78-473D-8698-02615C3DC929}.Debug|x64.ActiveCfg = Debug|Any CPU
		{451FDCAE-5F78-473D-8698-02615C3DC929}.Debug|x64.Build.0 = Debug|Any CPU
		{451FDCAE-5F78-473D-8698-02615C3DC929}.Debug|x86.ActiveCfg = Debug|Any CPU
		{451FDCAE-5F78-473D-8698-02615C3DC929}.Debug|x86.Build.0 = Debug|Any CPU
		{451FDCAE-5F78-473D-8698-02615C3DC929}.Release|Any CPU.ActiveCfg = Release|Any CPU
		{451FDCAE-5F78-473D-8698-02615C3DC929}.Release|Any CPU.Build.0 = Release|Any CPU
		{451FDCAE-5F78-473D-8698-02615C3DC929}.Release|x64.ActiveCfg = Release|Any CPU
		{451FDCAE-5F78-473D-8698-02615C3DC929}.Release|x64.Build.0 = Release|Any CPU
		{451FDCAE-5F78-473D-8698-02615C3DC929}.Release|x86.ActiveCfg = Release|Any CPU
		{451FDCAE-5F78-473D-8698-02615C3DC929}.Release|x86.Build.0 = Release|Any CPU
		{73D6692D-A7DD-4950-A8FE-D8EAD8BC9136}.Debug|Any CPU.ActiveCfg = Debug|Any CPU
		{73D6692D-A7DD-4950-A8FE-D8EAD8BC9136}.Debug|Any CPU.Build.0 = Debug|Any CPU
		{73D6692D-A7DD-4950-A8FE-D8EAD8BC9136}.Debug|x64.ActiveCfg = Debug|Any CPU
		{73D6692D-A7DD-4950-A8FE-D8EAD8BC9136}.Debug|x64.Build.0 = Debug|Any CPU
		{73D6692D-A7DD-4950-A8FE-D8EAD8BC9136}.Debug|x86.ActiveCfg = Debug|Any CPU
		{73D6692D-A7DD-4950-A8FE-D8EAD8BC9136}.Debug|x86.Build.0 = Debug|Any CPU
		{73D6692D-A7DD-4950-A8FE-D8EAD8BC9136}.Release|Any CPU.ActiveCfg = Release|Any CPU
		{73D6692D-A7DD-4950-A8FE-D8EAD8BC9136}.Release|Any CPU.Build.0 = Release|Any CPU
		{73D6692D-A7DD-4950-A8FE-D8EAD8BC9136}.Release|x64.ActiveCfg = Release|Any CPU
		{73D6692D-A7DD-4950-A8FE-D8EAD8BC9136}.Release|x64.Build.0 = Release|Any CPU
		{73D6692D-A7DD-4950-A8FE-D8EAD8BC9136}.Release|x86.ActiveCfg = Release|Any CPU
		{73D6692D-A7DD-4950-A8FE-D8EAD8BC9136}.Release|x86.Build.0 = Release|Any CPU
		{9BCAD45A-2012-402F-9087-A2E3725D6957}.Debug|Any CPU.ActiveCfg = Debug|Any CPU
		{9BCAD45A-2012-402F-9087-A2E3725D6957}.Debug|Any CPU.Build.0 = Debug|Any CPU
		{9BCAD45A-2012-402F-9087-A2E3725D6957}.Debug|x64.ActiveCfg = Debug|Any CPU
		{9BCAD45A-2012-402F-9087-A2E3725D6957}.Debug|x64.Build.0 = Debug|Any CPU
		{9BCAD45A-2012-402F-9087-A2E3725D6957}.Debug|x86.ActiveCfg = Debug|Any CPU
		{9BCAD45A-2012-402F-9087-A2E3725D6957}.Debug|x86.Build.0 = Debug|Any CPU
		{9BCAD45A-2012-402F-9087-A2E3725D6957}.Release|Any CPU.ActiveCfg = Release|Any CPU
		{9BCAD45A-2012-402F-9087-A2E3725D6957}.Release|Any CPU.Build.0 = Release|Any CPU
		{9BCAD45A-2012-402F-9087-A2E3725D6957}.Release|x64.ActiveCfg = Release|Any CPU
		{9BCAD45A-2012-402F-9087-A2E3725D6957}.Release|x64.Build.0 = Release|Any CPU
		{9BCAD45A-2012-402F-9087-A2E3725D6957}.Release|x86.ActiveCfg = Release|Any CPU
		{9BCAD45A-2012-402F-9087-A2E3725D6957}.Release|x86.Build.0 = Release|Any CPU
		{27392DCD-5D4D-470B-AF01-337C7CEA3D4A}.Debug|Any CPU.ActiveCfg = Debug|Any CPU
		{27392DCD-5D4D-470B-AF01-337C7CEA3D4A}.Debug|Any CPU.Build.0 = Debug|Any CPU
		{27392DCD-5D4D-470B-AF01-337C7CEA3D4A}.Debug|x64.ActiveCfg = Debug|Any CPU
		{27392DCD-5D4D-470B-AF01-337C7CEA3D4A}.Debug|x64.Build.0 = Debug|Any CPU
		{27392DCD-5D4D-470B-AF01-337C7CEA3D4A}.Debug|x86.ActiveCfg = Debug|Any CPU
		{27392DCD-5D4D-470B-AF01-337C7CEA3D4A}.Debug|x86.Build.0 = Debug|Any CPU
		{27392DCD-5D4D-470B-AF01-337C7CEA3D4A}.Release|Any CPU.ActiveCfg = Release|Any CPU
		{27392DCD-5D4D-470B-AF01-337C7CEA3D4A}.Release|Any CPU.Build.0 = Release|Any CPU
		{27392DCD-5D4D-470B-AF01-337C7CEA3D4A}.Release|x64.ActiveCfg = Release|Any CPU
		{27392DCD-5D4D-470B-AF01-337C7CEA3D4A}.Release|x64.Build.0 = Release|Any CPU
		{27392DCD-5D4D-470B-AF01-337C7CEA3D4A}.Release|x86.ActiveCfg = Release|Any CPU
		{27392DCD-5D4D-470B-AF01-337C7CEA3D4A}.Release|x86.Build.0 = Release|Any CPU
		{780BA883-B35A-435F-AAE5-C5DAE31938B8}.Debug|Any CPU.ActiveCfg = Debug|Any CPU
		{780BA883-B35A-435F-AAE5-C5DAE31938B8}.Debug|Any CPU.Build.0 = Debug|Any CPU
		{780BA883-B35A-435F-AAE5-C5DAE31938B8}.Debug|x64.ActiveCfg = Debug|Any CPU
		{780BA883-B35A-435F-AAE5-C5DAE31938B8}.Debug|x64.Build.0 = Debug|Any CPU
		{780BA883-B35A-435F-AAE5-C5DAE31938B8}.Debug|x86.ActiveCfg = Debug|Any CPU
		{780BA883-B35A-435F-AAE5-C5DAE31938B8}.Debug|x86.Build.0 = Debug|Any CPU
		{780BA883-B35A-435F-AAE5-C5DAE31938B8}.Release|Any CPU.ActiveCfg = Release|Any CPU
		{780BA883-B35A-435F-AAE5-C5DAE31938B8}.Release|Any CPU.Build.0 = Release|Any CPU
		{780BA883-B35A-435F-AAE5-C5DAE31938B8}.Release|x64.ActiveCfg = Release|Any CPU
		{780BA883-B35A-435F-AAE5-C5DAE31938B8}.Release|x64.Build.0 = Release|Any CPU
		{780BA883-B35A-435F-AAE5-C5DAE31938B8}.Release|x86.ActiveCfg = Release|Any CPU
		{780BA883-B35A-435F-AAE5-C5DAE31938B8}.Release|x86.Build.0 = Release|Any CPU
		{7D0F7648-FB16-487C-A1CB-BFF9CBFD8A89}.Debug|Any CPU.ActiveCfg = Debug|Any CPU
		{7D0F7648-FB16-487C-A1CB-BFF9CBFD8A89}.Debug|Any CPU.Build.0 = Debug|Any CPU
		{7D0F7648-FB16-487C-A1CB-BFF9CBFD8A89}.Debug|x64.ActiveCfg = Debug|Any CPU
		{7D0F7648-FB16-487C-A1CB-BFF9CBFD8A89}.Debug|x64.Build.0 = Debug|Any CPU
		{7D0F7648-FB16-487C-A1CB-BFF9CBFD8A89}.Debug|x86.ActiveCfg = Debug|Any CPU
		{7D0F7648-FB16-487C-A1CB-BFF9CBFD8A89}.Debug|x86.Build.0 = Debug|Any CPU
		{7D0F7648-FB16-487C-A1CB-BFF9CBFD8A89}.Release|Any CPU.ActiveCfg = Release|Any CPU
		{7D0F7648-FB16-487C-A1CB-BFF9CBFD8A89}.Release|Any CPU.Build.0 = Release|Any CPU
		{7D0F7648-FB16-487C-A1CB-BFF9CBFD8A89}.Release|x64.ActiveCfg = Release|Any CPU
		{7D0F7648-FB16-487C-A1CB-BFF9CBFD8A89}.Release|x64.Build.0 = Release|Any CPU
		{7D0F7648-FB16-487C-A1CB-BFF9CBFD8A89}.Release|x86.ActiveCfg = Release|Any CPU
		{7D0F7648-FB16-487C-A1CB-BFF9CBFD8A89}.Release|x86.Build.0 = Release|Any CPU
		{FDB78817-3A5C-4FDE-8926-35D2E9897069}.Debug|Any CPU.ActiveCfg = Debug|Any CPU
		{FDB78817-3A5C-4FDE-8926-35D2E9897069}.Debug|Any CPU.Build.0 = Debug|Any CPU
		{FDB78817-3A5C-4FDE-8926-35D2E9897069}.Debug|x64.ActiveCfg = Debug|Any CPU
		{FDB78817-3A5C-4FDE-8926-35D2E9897069}.Debug|x64.Build.0 = Debug|Any CPU
		{FDB78817-3A5C-4FDE-8926-35D2E9897069}.Debug|x86.ActiveCfg = Debug|Any CPU
		{FDB78817-3A5C-4FDE-8926-35D2E9897069}.Debug|x86.Build.0 = Debug|Any CPU
		{FDB78817-3A5C-4FDE-8926-35D2E9897069}.Release|Any CPU.ActiveCfg = Release|Any CPU
		{FDB78817-3A5C-4FDE-8926-35D2E9897069}.Release|Any CPU.Build.0 = Release|Any CPU
		{FDB78817-3A5C-4FDE-8926-35D2E9897069}.Release|x64.ActiveCfg = Release|Any CPU
		{FDB78817-3A5C-4FDE-8926-35D2E9897069}.Release|x64.Build.0 = Release|Any CPU
		{FDB78817-3A5C-4FDE-8926-35D2E9897069}.Release|x86.ActiveCfg = Release|Any CPU
		{FDB78817-3A5C-4FDE-8926-35D2E9897069}.Release|x86.Build.0 = Release|Any CPU
		{C00E5567-4D23-45E2-97AB-5C334E763021}.Debug|Any CPU.ActiveCfg = Debug|Any CPU
		{C00E5567-4D23-45E2-97AB-5C334E763021}.Debug|Any CPU.Build.0 = Debug|Any CPU
		{C00E5567-4D23-45E2-97AB-5C334E763021}.Debug|x64.ActiveCfg = Debug|Any CPU
		{C00E5567-4D23-45E2-97AB-5C334E763021}.Debug|x64.Build.0 = Debug|Any CPU
		{C00E5567-4D23-45E2-97AB-5C334E763021}.Debug|x86.ActiveCfg = Debug|Any CPU
		{C00E5567-4D23-45E2-97AB-5C334E763021}.Debug|x86.Build.0 = Debug|Any CPU
		{C00E5567-4D23-45E2-97AB-5C334E763021}.Release|Any CPU.ActiveCfg = Release|Any CPU
		{C00E5567-4D23-45E2-97AB-5C334E763021}.Release|Any CPU.Build.0 = Release|Any CPU
		{C00E5567-4D23-45E2-97AB-5C334E763021}.Release|x64.ActiveCfg = Release|Any CPU
		{C00E5567-4D23-45E2-97AB-5C334E763021}.Release|x64.Build.0 = Release|Any CPU
		{C00E5567-4D23-45E2-97AB-5C334E763021}.Release|x86.ActiveCfg = Release|Any CPU
		{C00E5567-4D23-45E2-97AB-5C334E763021}.Release|x86.Build.0 = Release|Any CPU
		{80D8CED6-C6B9-4DD7-A506-57461EF28620}.Debug|Any CPU.ActiveCfg = Debug|Any CPU
		{80D8CED6-C6B9-4DD7-A506-57461EF28620}.Debug|Any CPU.Build.0 = Debug|Any CPU
		{80D8CED6-C6B9-4DD7-A506-57461EF28620}.Debug|x64.ActiveCfg = Debug|Any CPU
		{80D8CED6-C6B9-4DD7-A506-57461EF28620}.Debug|x64.Build.0 = Debug|Any CPU
		{80D8CED6-C6B9-4DD7-A506-57461EF28620}.Debug|x86.ActiveCfg = Debug|Any CPU
		{80D8CED6-C6B9-4DD7-A506-57461EF28620}.Debug|x86.Build.0 = Debug|Any CPU
		{80D8CED6-C6B9-4DD7-A506-57461EF28620}.Release|Any CPU.ActiveCfg = Release|Any CPU
		{80D8CED6-C6B9-4DD7-A506-57461EF28620}.Release|Any CPU.Build.0 = Release|Any CPU
		{80D8CED6-C6B9-4DD7-A506-57461EF28620}.Release|x64.ActiveCfg = Release|Any CPU
		{80D8CED6-C6B9-4DD7-A506-57461EF28620}.Release|x64.Build.0 = Release|Any CPU
		{80D8CED6-C6B9-4DD7-A506-57461EF28620}.Release|x86.ActiveCfg = Release|Any CPU
		{80D8CED6-C6B9-4DD7-A506-57461EF28620}.Release|x86.Build.0 = Release|Any CPU
		{7C597DDA-3655-4EA5-80F7-366F5EE9228C}.Debug|Any CPU.ActiveCfg = Debug|Any CPU
		{7C597DDA-3655-4EA5-80F7-366F5EE9228C}.Debug|Any CPU.Build.0 = Debug|Any CPU
		{7C597DDA-3655-4EA5-80F7-366F5EE9228C}.Debug|x64.ActiveCfg = Debug|Any CPU
		{7C597DDA-3655-4EA5-80F7-366F5EE9228C}.Debug|x64.Build.0 = Debug|Any CPU
		{7C597DDA-3655-4EA5-80F7-366F5EE9228C}.Debug|x86.ActiveCfg = Debug|Any CPU
		{7C597DDA-3655-4EA5-80F7-366F5EE9228C}.Debug|x86.Build.0 = Debug|Any CPU
		{7C597DDA-3655-4EA5-80F7-366F5EE9228C}.Release|Any CPU.ActiveCfg = Release|Any CPU
		{7C597DDA-3655-4EA5-80F7-366F5EE9228C}.Release|Any CPU.Build.0 = Release|Any CPU
		{7C597DDA-3655-4EA5-80F7-366F5EE9228C}.Release|x64.ActiveCfg = Release|Any CPU
		{7C597DDA-3655-4EA5-80F7-366F5EE9228C}.Release|x64.Build.0 = Release|Any CPU
		{7C597DDA-3655-4EA5-80F7-366F5EE9228C}.Release|x86.ActiveCfg = Release|Any CPU
		{7C597DDA-3655-4EA5-80F7-366F5EE9228C}.Release|x86.Build.0 = Release|Any CPU
		{2C6C7885-1F24-45D1-9AC5-78A7D064E3F7}.Debug|Any CPU.ActiveCfg = Debug|Any CPU
		{2C6C7885-1F24-45D1-9AC5-78A7D064E3F7}.Debug|Any CPU.Build.0 = Debug|Any CPU
		{2C6C7885-1F24-45D1-9AC5-78A7D064E3F7}.Debug|x64.ActiveCfg = Debug|Any CPU
		{2C6C7885-1F24-45D1-9AC5-78A7D064E3F7}.Debug|x64.Build.0 = Debug|Any CPU
		{2C6C7885-1F24-45D1-9AC5-78A7D064E3F7}.Debug|x86.ActiveCfg = Debug|Any CPU
		{2C6C7885-1F24-45D1-9AC5-78A7D064E3F7}.Debug|x86.Build.0 = Debug|Any CPU
		{2C6C7885-1F24-45D1-9AC5-78A7D064E3F7}.Release|Any CPU.ActiveCfg = Release|Any CPU
		{2C6C7885-1F24-45D1-9AC5-78A7D064E3F7}.Release|Any CPU.Build.0 = Release|Any CPU
		{2C6C7885-1F24-45D1-9AC5-78A7D064E3F7}.Release|x64.ActiveCfg = Release|Any CPU
		{2C6C7885-1F24-45D1-9AC5-78A7D064E3F7}.Release|x64.Build.0 = Release|Any CPU
		{2C6C7885-1F24-45D1-9AC5-78A7D064E3F7}.Release|x86.ActiveCfg = Release|Any CPU
		{2C6C7885-1F24-45D1-9AC5-78A7D064E3F7}.Release|x86.Build.0 = Release|Any CPU
		{006F84AE-C38F-4C9D-8F53-C610845F952D}.Debug|Any CPU.ActiveCfg = Debug|Any CPU
		{006F84AE-C38F-4C9D-8F53-C610845F952D}.Debug|Any CPU.Build.0 = Debug|Any CPU
		{006F84AE-C38F-4C9D-8F53-C610845F952D}.Debug|x64.ActiveCfg = Debug|Any CPU
		{006F84AE-C38F-4C9D-8F53-C610845F952D}.Debug|x64.Build.0 = Debug|Any CPU
		{006F84AE-C38F-4C9D-8F53-C610845F952D}.Debug|x86.ActiveCfg = Debug|Any CPU
		{006F84AE-C38F-4C9D-8F53-C610845F952D}.Debug|x86.Build.0 = Debug|Any CPU
		{006F84AE-C38F-4C9D-8F53-C610845F952D}.Release|Any CPU.ActiveCfg = Release|Any CPU
		{006F84AE-C38F-4C9D-8F53-C610845F952D}.Release|Any CPU.Build.0 = Release|Any CPU
		{006F84AE-C38F-4C9D-8F53-C610845F952D}.Release|x64.ActiveCfg = Release|Any CPU
		{006F84AE-C38F-4C9D-8F53-C610845F952D}.Release|x64.Build.0 = Release|Any CPU
		{006F84AE-C38F-4C9D-8F53-C610845F952D}.Release|x86.ActiveCfg = Release|Any CPU
		{006F84AE-C38F-4C9D-8F53-C610845F952D}.Release|x86.Build.0 = Release|Any CPU
		{5A285AA8-18F3-48D0-A3DA-72A42F0212CF}.Debug|Any CPU.ActiveCfg = Debug|Any CPU
		{5A285AA8-18F3-48D0-A3DA-72A42F0212CF}.Debug|Any CPU.Build.0 = Debug|Any CPU
		{5A285AA8-18F3-48D0-A3DA-72A42F0212CF}.Debug|x64.ActiveCfg = Debug|Any CPU
		{5A285AA8-18F3-48D0-A3DA-72A42F0212CF}.Debug|x64.Build.0 = Debug|Any CPU
		{5A285AA8-18F3-48D0-A3DA-72A42F0212CF}.Debug|x86.ActiveCfg = Debug|Any CPU
		{5A285AA8-18F3-48D0-A3DA-72A42F0212CF}.Debug|x86.Build.0 = Debug|Any CPU
		{5A285AA8-18F3-48D0-A3DA-72A42F0212CF}.Release|Any CPU.ActiveCfg = Release|Any CPU
		{5A285AA8-18F3-48D0-A3DA-72A42F0212CF}.Release|Any CPU.Build.0 = Release|Any CPU
		{5A285AA8-18F3-48D0-A3DA-72A42F0212CF}.Release|x64.ActiveCfg = Release|Any CPU
		{5A285AA8-18F3-48D0-A3DA-72A42F0212CF}.Release|x64.Build.0 = Release|Any CPU
		{5A285AA8-18F3-48D0-A3DA-72A42F0212CF}.Release|x86.ActiveCfg = Release|Any CPU
		{5A285AA8-18F3-48D0-A3DA-72A42F0212CF}.Release|x86.Build.0 = Release|Any CPU
		{5C2648A2-9422-4547-A416-7496DB6E5332}.Debug|Any CPU.ActiveCfg = Debug|Any CPU
		{5C2648A2-9422-4547-A416-7496DB6E5332}.Debug|Any CPU.Build.0 = Debug|Any CPU
		{5C2648A2-9422-4547-A416-7496DB6E5332}.Debug|x64.ActiveCfg = Debug|Any CPU
		{5C2648A2-9422-4547-A416-7496DB6E5332}.Debug|x64.Build.0 = Debug|Any CPU
		{5C2648A2-9422-4547-A416-7496DB6E5332}.Debug|x86.ActiveCfg = Debug|Any CPU
		{5C2648A2-9422-4547-A416-7496DB6E5332}.Debug|x86.Build.0 = Debug|Any CPU
		{5C2648A2-9422-4547-A416-7496DB6E5332}.Release|Any CPU.ActiveCfg = Release|Any CPU
		{5C2648A2-9422-4547-A416-7496DB6E5332}.Release|Any CPU.Build.0 = Release|Any CPU
		{5C2648A2-9422-4547-A416-7496DB6E5332}.Release|x64.ActiveCfg = Release|Any CPU
		{5C2648A2-9422-4547-A416-7496DB6E5332}.Release|x64.Build.0 = Release|Any CPU
		{5C2648A2-9422-4547-A416-7496DB6E5332}.Release|x86.ActiveCfg = Release|Any CPU
		{5C2648A2-9422-4547-A416-7496DB6E5332}.Release|x86.Build.0 = Release|Any CPU
		{1D13AE17-E8B2-4930-B60E-C6F0351F8A7D}.Debug|Any CPU.ActiveCfg = Debug|Any CPU
		{1D13AE17-E8B2-4930-B60E-C6F0351F8A7D}.Debug|Any CPU.Build.0 = Debug|Any CPU
		{1D13AE17-E8B2-4930-B60E-C6F0351F8A7D}.Debug|x64.ActiveCfg = Debug|Any CPU
		{1D13AE17-E8B2-4930-B60E-C6F0351F8A7D}.Debug|x64.Build.0 = Debug|Any CPU
		{1D13AE17-E8B2-4930-B60E-C6F0351F8A7D}.Debug|x86.ActiveCfg = Debug|Any CPU
		{1D13AE17-E8B2-4930-B60E-C6F0351F8A7D}.Debug|x86.Build.0 = Debug|Any CPU
		{1D13AE17-E8B2-4930-B60E-C6F0351F8A7D}.Release|Any CPU.ActiveCfg = Release|Any CPU
		{1D13AE17-E8B2-4930-B60E-C6F0351F8A7D}.Release|Any CPU.Build.0 = Release|Any CPU
		{1D13AE17-E8B2-4930-B60E-C6F0351F8A7D}.Release|x64.ActiveCfg = Release|Any CPU
		{1D13AE17-E8B2-4930-B60E-C6F0351F8A7D}.Release|x64.Build.0 = Release|Any CPU
		{1D13AE17-E8B2-4930-B60E-C6F0351F8A7D}.Release|x86.ActiveCfg = Release|Any CPU
		{1D13AE17-E8B2-4930-B60E-C6F0351F8A7D}.Release|x86.Build.0 = Release|Any CPU
		{8E925C3D-3F85-4CB0-A47E-0D8AB842D7DC}.Debug|Any CPU.ActiveCfg = Debug|Any CPU
		{8E925C3D-3F85-4CB0-A47E-0D8AB842D7DC}.Debug|Any CPU.Build.0 = Debug|Any CPU
		{8E925C3D-3F85-4CB0-A47E-0D8AB842D7DC}.Debug|x64.ActiveCfg = Debug|Any CPU
		{8E925C3D-3F85-4CB0-A47E-0D8AB842D7DC}.Debug|x64.Build.0 = Debug|Any CPU
		{8E925C3D-3F85-4CB0-A47E-0D8AB842D7DC}.Debug|x86.ActiveCfg = Debug|Any CPU
		{8E925C3D-3F85-4CB0-A47E-0D8AB842D7DC}.Debug|x86.Build.0 = Debug|Any CPU
		{8E925C3D-3F85-4CB0-A47E-0D8AB842D7DC}.Release|Any CPU.ActiveCfg = Release|Any CPU
		{8E925C3D-3F85-4CB0-A47E-0D8AB842D7DC}.Release|Any CPU.Build.0 = Release|Any CPU
		{8E925C3D-3F85-4CB0-A47E-0D8AB842D7DC}.Release|x64.ActiveCfg = Release|Any CPU
		{8E925C3D-3F85-4CB0-A47E-0D8AB842D7DC}.Release|x64.Build.0 = Release|Any CPU
		{8E925C3D-3F85-4CB0-A47E-0D8AB842D7DC}.Release|x86.ActiveCfg = Release|Any CPU
		{8E925C3D-3F85-4CB0-A47E-0D8AB842D7DC}.Release|x86.Build.0 = Release|Any CPU
		{8A578539-1F8C-49B8-81A6-5958C88AC99B}.Debug|Any CPU.ActiveCfg = Debug|Any CPU
		{8A578539-1F8C-49B8-81A6-5958C88AC99B}.Debug|Any CPU.Build.0 = Debug|Any CPU
		{8A578539-1F8C-49B8-81A6-5958C88AC99B}.Debug|x64.ActiveCfg = Debug|Any CPU
		{8A578539-1F8C-49B8-81A6-5958C88AC99B}.Debug|x64.Build.0 = Debug|Any CPU
		{8A578539-1F8C-49B8-81A6-5958C88AC99B}.Debug|x86.ActiveCfg = Debug|Any CPU
		{8A578539-1F8C-49B8-81A6-5958C88AC99B}.Debug|x86.Build.0 = Debug|Any CPU
		{8A578539-1F8C-49B8-81A6-5958C88AC99B}.Release|Any CPU.ActiveCfg = Release|Any CPU
		{8A578539-1F8C-49B8-81A6-5958C88AC99B}.Release|Any CPU.Build.0 = Release|Any CPU
		{8A578539-1F8C-49B8-81A6-5958C88AC99B}.Release|x64.ActiveCfg = Release|Any CPU
		{8A578539-1F8C-49B8-81A6-5958C88AC99B}.Release|x64.Build.0 = Release|Any CPU
		{8A578539-1F8C-49B8-81A6-5958C88AC99B}.Release|x86.ActiveCfg = Release|Any CPU
		{8A578539-1F8C-49B8-81A6-5958C88AC99B}.Release|x86.Build.0 = Release|Any CPU
	EndGlobalSection
	GlobalSection(SolutionProperties) = preSolution
		HideSolutionNode = FALSE
	EndGlobalSection
	GlobalSection(NestedProjects) = preSolution
		{43CC8CF0-7850-45CD-A08C-272A63AD1E16} = {827E0CD3-B72D-47B6-A68D-7590B98EB39B}
		{1C5B860D-65A1-4803-8BD4-B9357E0DC50B} = {827E0CD3-B72D-47B6-A68D-7590B98EB39B}
		{0488CD07-26CD-4DD7-B821-05FBED40F44B} = {827E0CD3-B72D-47B6-A68D-7590B98EB39B}
		{E70EB2DD-C73A-43CC-9BF2-A27BE7172335} = {827E0CD3-B72D-47B6-A68D-7590B98EB39B}
		{DECC5FBF-66FB-4940-90D1-699926F90171} = {0AB3BF05-4346-4AA6-1389-037BE0695223}
		{41C06B2E-89D7-4EA4-B335-111403136399} = {0AB3BF05-4346-4AA6-1389-037BE0695223}
		{54501E55-DB3B-482C-8AED-8444AE0E221C} = {0AB3BF05-4346-4AA6-1389-037BE0695223}
		{7FF49353-613C-434D-A0B2-D923BE3C12BE} = {827E0CD3-B72D-47B6-A68D-7590B98EB39B}
		{E56ED954-9EE4-491B-A134-FF1263A3C885} = {0AB3BF05-4346-4AA6-1389-037BE0695223}
		{A1B2C3D4-E5F6-7890-ABCD-EF1234567890} = {827E0CD3-B72D-47B6-A68D-7590B98EB39B}
		{B2C3D4E5-F6A7-8901-BCDE-F12345678901} = {0AB3BF05-4346-4AA6-1389-037BE0695223}
		{5062B268-F251-43FA-83D3-E30A1E251774} = {827E0CD3-B72D-47B6-A68D-7590B98EB39B}
		{D0C00003-1111-2222-3333-444455556666} = {827E0CD3-B72D-47B6-A68D-7590B98EB39B}
		{D0C00004-1111-2222-3333-444455556666} = {0AB3BF05-4346-4AA6-1389-037BE0695223}
		{C0DE0001-1111-2222-3333-444455556666} = {CAFE0001-1111-2222-3333-444455556666}
		{C0DE0002-1111-2222-3333-444455556666} = {CAFE0001-1111-2222-3333-444455556666}
		{451FDCAE-5F78-473D-8698-02615C3DC929} = {827E0CD3-B72D-47B6-A68D-7590B98EB39B}
		{73D6692D-A7DD-4950-A8FE-D8EAD8BC9136} = {827E0CD3-B72D-47B6-A68D-7590B98EB39B}
		{9BCAD45A-2012-402F-9087-A2E3725D6957} = {0AB3BF05-4346-4AA6-1389-037BE0695223}
		{27392DCD-5D4D-470B-AF01-337C7CEA3D4A} = {0AB3BF05-4346-4AA6-1389-037BE0695223}
		{780BA883-B35A-435F-AAE5-C5DAE31938B8} = {827E0CD3-B72D-47B6-A68D-7590B98EB39B}
		{7D0F7648-FB16-487C-A1CB-BFF9CBFD8A89} = {827E0CD3-B72D-47B6-A68D-7590B98EB39B}
		{FDB78817-3A5C-4FDE-8926-35D2E9897069} = {0AB3BF05-4346-4AA6-1389-037BE0695223}
		{C00E5567-4D23-45E2-97AB-5C334E763021} = {827E0CD3-B72D-47B6-A68D-7590B98EB39B}
		{80D8CED6-C6B9-4DD7-A506-57461EF28620} = {0AB3BF05-4346-4AA6-1389-037BE0695223}
		{7C597DDA-3655-4EA5-80F7-366F5EE9228C} = {CAFE0001-1111-2222-3333-444455556666}
		{2C6C7885-1F24-45D1-9AC5-78A7D064E3F7} = {827E0CD3-B72D-47B6-A68D-7590B98EB39B}
		{006F84AE-C38F-4C9D-8F53-C610845F952D} = {0AB3BF05-4346-4AA6-1389-037BE0695223}
		{5A285AA8-18F3-48D0-A3DA-72A42F0212CF} = {0AB3BF05-4346-4AA6-1389-037BE0695223}
		{5C2648A2-9422-4547-A416-7496DB6E5332} = {827E0CD3-B72D-47B6-A68D-7590B98EB39B}
		{1D13AE17-E8B2-4930-B60E-C6F0351F8A7D} = {0AB3BF05-4346-4AA6-1389-037BE0695223}
		{8E925C3D-3F85-4CB0-A47E-0D8AB842D7DC} = {CAFE0001-1111-2222-3333-444455556666}
		{8A578539-1F8C-49B8-81A6-5958C88AC99B} = {0AB3BF05-4346-4AA6-1389-037BE0695223}
	EndGlobalSection
EndGlobal
