
Microsoft Visual Studio Solution File, Format Version 12.00
# Visual Studio Version 17
VisualStudioVersion = 17.0.31903.59
MinimumVisualStudioVersion = 10.0.40219.1
Project("{2150E333-8FDC-42A3-9474-1A3956D46DE8}") = "src", "src", "{827E0CD3-B72D-47B6-A68D-7590B98EB39B}"
EndProject
Project("{FAE04EC0-301F-11D3-BF4B-00C04F79EFBC}") = "HVO.WebSite.v9", "src\HVO.WebSite.v9\HVO.WebSite.v9.csproj", "{43CC8CF0-7850-45CD-A08C-272A63AD1E16}"
EndProject
Project("{FAE04EC0-301F-11D3-BF4B-00C04F79EFBC}") = "HVO.DataModels", "src\HVO.DataModels\HVO.DataModels.csproj", "{1C5B860D-65A1-4803-8BD4-B9357E0DC50B}"
EndProject
Project("{FAE04EC0-301F-11D3-BF4B-00C04F79EFBC}") = "HVO.WebSite.Themes", "src\HVO.WebSite.Themes\HVO.WebSite.Themes.csproj", "{0488CD07-26CD-4DD7-B821-05FBED40F44B}"
EndProject
Project("{42EA0DBD-9CF1-443E-919E-BE9C484E4577}") = "HVO.Database", "src\HVO.Database\HVO.Database.sqlproj", "{E70EB2DD-C73A-43CC-9BF2-A27BE7172335}"
EndProject
Project("{2150E333-8FDC-42A3-9474-1A3956D46DE8}") = "tests", "tests", "{0AB3BF05-4346-4AA6-1389-037BE0695223}"
EndProject
Project("{FAE04EC0-301F-11D3-BF4B-00C04F79EFBC}") = "HVO.WebSite.UnitTests", "tests\HVO.WebSite.UnitTests\HVO.WebSite.UnitTests.csproj", "{DECC5FBF-66FB-4940-90D1-699926F90171}"
EndProject
Project("{FAE04EC0-301F-11D3-BF4B-00C04F79EFBC}") = "HVO.WebSite.ApiTests", "tests\HVO.WebSite.ApiTests\HVO.WebSite.ApiTests.csproj", "{41C06B2E-89D7-4EA4-B335-111403136399}"
EndProject
Project("{FAE04EC0-301F-11D3-BF4B-00C04F79EFBC}") = "HVO.WebSite.PlaywrightTests", "tests\HVO.WebSite.PlaywrightTests\HVO.WebSite.PlaywrightTests.csproj", "{54501E55-DB3B-482C-8AED-8444AE0E221C}"
EndProject
Project("{FAE04EC0-301F-11D3-BF4B-00C04F79EFBC}") = "HVO.Hardware.DavisVantagePro2", "src\HVO.Hardware.DavisVantagePro2\HVO.Hardware.DavisVantagePro2.csproj", "{7FF49353-613C-434D-A0B2-D923BE3C12BE}"
EndProject
Global
	GlobalSection(SolutionConfigurationPlatforms) = preSolution
		Debug|Any CPU = Debug|Any CPU
		Debug|x64 = Debug|x64
		Debug|x86 = Debug|x86
		Release|Any CPU = Release|Any CPU
		Release|x64 = Release|x64
		Release|x86 = Release|x86
	EndGlobalSection
	GlobalSection(ProjectConfigurationPlatforms) = postSolution
		{43CC8CF0-7850-45CD-A08C-272A63AD1E16}.Debug|Any CPU.ActiveCfg = Debug|Any CPU
		{43CC8CF0-7850-45CD-A08C-272A63AD1E16}.Debug|Any CPU.Build.0 = Debug|Any CPU
		{43CC8CF0-7850-45CD-A08C-272A63AD1E16}.Debug|x64.ActiveCfg = Debug|Any CPU
		{43CC8CF0-7850-45CD-A08C-272A63AD1E16}.Debug|x64.Build.0 = Debug|Any CPU
		{43CC8CF0-7850-45CD-A08C-272A63AD1E16}.Debug|x86.ActiveCfg = Debug|Any CPU
		{43CC8CF0-7850-45CD-A08C-272A63AD1E16}.Debug|x86.Build.0 = Debug|Any CPU
		{43CC8CF0-7850-45CD-A08C-272A63AD1E16}.Release|Any CPU.ActiveCfg = Release|Any CPU
		{43CC8CF0-7850-45CD-A08C-272A63AD1E16}.Release|Any CPU.Build.0 = Release|Any CPU
		{43CC8CF0-7850-45CD-A08C-272A63AD1E16}.Release|x64.ActiveCfg = Release|Any CPU
		{43CC8CF0-7850-45CD-A08C-272A63AD1E16}.Release|x64.Build.0 = Release|Any CPU
		{43CC8CF0-7850-45CD-A08C-272A63AD1E16}.Release|x86.ActiveCfg = Release|Any CPU
		{43CC8CF0-7850-45CD-A08C-272A63AD1E16}.Release|x86.Build.0 = Release|Any CPU
		{1C5B860D-65A1-4803-8BD4-B9357E0DC50B}.Debug|Any CPU.ActiveCfg = Debug|Any CPU
		{1C5B860D-65A1-4803-8BD4-B9357E0DC50B}.Debug|Any CPU.Build.0 = Debug|Any CPU
		{1C5B860D-65A1-4803-8BD4-B9357E0DC50B}.Debug|x64.ActiveCfg = Debug|Any CPU
		{1C5B860D-65A1-4803-8BD4-B9357E0DC50B}.Debug|x64.Build.0 = Debug|Any CPU
		{1C5B860D-65A1-4803-8BD4-B9357E0DC50B}.Debug|x86.ActiveCfg = Debug|Any CPU
		{1C5B860D-65A1-4803-8BD4-B9357E0DC50B}.Debug|x86.Build.0 = Debug|Any CPU
		{1C5B860D-65A1-4803-8BD4-B9357E0DC50B}.Release|Any CPU.ActiveCfg = Release|Any CPU
		{1C5B860D-65A1-4803-8BD4-B9357E0DC50B}.Release|Any CPU.Build.0 = Release|Any CPU
		{1C5B860D-65A1-4803-8BD4-B9357E0DC50B}.Release|x64.ActiveCfg = Release|Any CPU
		{1C5B860D-65A1-4803-8BD4-B9357E0DC50B}.Release|x64.Build.0 = Release|Any CPU
		{1C5B860D-65A1-4803-8BD4-B9357E0DC50B}.Release|x86.ActiveCfg = Release|Any CPU
		{1C5B860D-65A1-4803-8BD4-B9357E0DC50B}.Release|x86.Build.0 = Release|Any CPU
		{0488CD07-26CD-4DD7-B821-05FBED40F44B}.Debug|Any CPU.ActiveCfg = Debug|Any CPU
		{0488CD07-26CD-4DD7-B821-05FBED40F44B}.Debug|Any CPU.Build.0 = Debug|Any CPU
		{0488CD07-26CD-4DD7-B821-05FBED40F44B}.Debug|x64.ActiveCfg = Debug|Any CPU
		{0488CD07-26CD-4DD7-B821-05FBED40F44B}.Debug|x64.Build.0 = Debug|Any CPU
		{0488CD07-26CD-4DD7-B821-05FBED40F44B}.Debug|x86.ActiveCfg = Debug|Any CPU
		{0488CD07-26CD-4DD7-B821-05FBED40F44B}.Debug|x86.Build.0 = Debug|Any CPU
		{0488CD07-26CD-4DD7-B821-05FBED40F44B}.Release|Any CPU.ActiveCfg = Release|Any CPU
		{0488CD07-26CD-4DD7-B821-05FBED40F44B}.Release|Any CPU.Build.0 = Release|Any CPU
		{0488CD07-26CD-4DD7-B821-05FBED40F44B}.Release|x64.ActiveCfg = Release|Any CPU
		{0488CD07-26CD-4DD7-B821-05FBED40F44B}.Release|x64.Build.0 = Release|Any CPU
		{0488CD07-26CD-4DD7-B821-05FBED40F44B}.Release|x86.ActiveCfg = Release|Any CPU
		{0488CD07-26CD-4DD7-B821-05FBED40F44B}.Release|x86.Build.0 = Release|Any CPU
		{E70EB2DD-C73A-43CC-9BF2-A27BE7172335}.Debug|Any CPU.ActiveCfg = Debug|Any CPU
		{E70EB2DD-C73A-43CC-9BF2-A27BE7172335}.Debug|Any CPU.Build.0 = Debug|Any CPU
		{E70EB2DD-C73A-43CC-9BF2-A27BE7172335}.Debug|x64.ActiveCfg = Debug|Any CPU
		{E70EB2DD-C73A-43CC-9BF2-A27BE7172335}.Debug|x64.Build.0 = Debug|Any CPU
		{E70EB2DD-C73A-43CC-9BF2-A27BE7172335}.Debug|x86.ActiveCfg = Debug|Any CPU
		{E70EB2DD-C73A-43CC-9BF2-A27BE7172335}.Debug|x86.Build.0 = Debug|Any CPU
		{E70EB2DD-C73A-43CC-9BF2-A27BE7172335}.Release|Any CPU.ActiveCfg = Release|Any CPU
		{E70EB2DD-C73A-43CC-9BF2-A27BE7172335}.Release|Any CPU.Build.0 = Release|Any CPU
		{E70EB2DD-C73A-43CC-9BF2-A27BE7172335}.Release|x64.ActiveCfg = Release|Any CPU
		{E70EB2DD-C73A-43CC-9BF2-A27BE7172335}.Release|x64.Build.0 = Release|Any CPU
		{E70EB2DD-C73A-43CC-9BF2-A27BE7172335}.Release|x86.ActiveCfg = Release|Any CPU
		{E70EB2DD-C73A-43CC-9BF2-A27BE7172335}.Release|x86.Build.0 = Release|Any CPU
		{DECC5FBF-66FB-4940-90D1-699926F90171}.Debug|Any CPU.ActiveCfg = Debug|Any CPU
		{DECC5FBF-66FB-4940-90D1-699926F90171}.Debug|Any CPU.Build.0 = Debug|Any CPU
		{DECC5FBF-66FB-4940-90D1-699926F90171}.Debug|x64.ActiveCfg = Debug|Any CPU
		{DECC5FBF-66FB-4940-90D1-699926F90171}.Debug|x64.Build.0 = Debug|Any CPU
		{DECC5FBF-66FB-4940-90D1-699926F90171}.Debug|x86.ActiveCfg = Debug|Any CPU
		{DECC5FBF-66FB-4940-90D1-699926F90171}.Debug|x86.Build.0 = Debug|Any CPU
		{DECC5FBF-66FB-4940-90D1-699926F90171}.Release|Any CPU.ActiveCfg = Release|Any CPU
		{DECC5FBF-66FB-4940-90D1-699926F90171}.Release|Any CPU.Build.0 = Release|Any CPU
		{DECC5FBF-66FB-4940-90D1-699926F90171}.Release|x64.ActiveCfg = Release|Any CPU
		{DECC5FBF-66FB-4940-90D1-699926F90171}.Release|x64.Build.0 = Release|Any CPU
		{DECC5FBF-66FB-4940-90D1-699926F90171}.Release|x86.ActiveCfg = Release|Any CPU
		{DECC5FBF-66FB-4940-90D1-699926F90171}.Release|x86.Build.0 = Release|Any CPU
		{41C06B2E-89D7-4EA4-B335-111403136399}.Debug|Any CPU.ActiveCfg = Debug|Any CPU
		{41C06B2E-89D7-4EA4-B335-111403136399}.Debug|Any CPU.Build.0 = Debug|Any CPU
		{41C06B2E-89D7-4EA4-B335-111403136399}.Debug|x64.ActiveCfg = Debug|Any CPU
		{41C06B2E-89D7-4EA4-B335-111403136399}.Debug|x64.Build.0 = Debug|Any CPU
		{41C06B2E-89D7-4EA4-B335-111403136399}.Debug|x86.ActiveCfg = Debug|Any CPU
		{41C06B2E-89D7-4EA4-B335-111403136399}.Debug|x86.Build.0 = Debug|Any CPU
		{41C06B2E-89D7-4EA4-B335-111403136399}.Release|Any CPU.ActiveCfg = Release|Any CPU
		{41C06B2E-89D7-4EA4-B335-111403136399}.Release|Any CPU.Build.0 = Release|Any CPU
		{41C06B2E-89D7-4EA4-B335-111403136399}.Release|x64.ActiveCfg = Release|Any CPU
		{41C06B2E-89D7-4EA4-B335-111403136399}.Release|x64.Build.0 = Release|Any CPU
		{41C06B2E-89D7-4EA4-B335-111403136399}.Release|x86.ActiveCfg = Release|Any CPU
		{41C06B2E-89D7-4EA4-B335-111403136399}.Release|x86.Build.0 = Release|Any CPU
		{54501E55-DB3B-482C-8AED-8444AE0E221C}.Debug|Any CPU.ActiveCfg = Debug|Any CPU
		{54501E55-DB3B-482C-8AED-8444AE0E221C}.Debug|Any CPU.Build.0 = Debug|Any CPU
		{54501E55-DB3B-482C-8AED-8444AE0E221C}.Debug|x64.ActiveCfg = Debug|Any CPU
		{54501E55-DB3B-482C-8AED-8444AE0E221C}.Debug|x64.Build.0 = Debug|Any CPU
		{54501E55-DB3B-482C-8AED-8444AE0E221C}.Debug|x86.ActiveCfg = Debug|Any CPU
		{54501E55-DB3B-482C-8AED-8444AE0E221C}.Debug|x86.Build.0 = Debug|Any CPU
		{54501E55-DB3B-482C-8AED-8444AE0E221C}.Release|Any CPU.ActiveCfg = Release|Any CPU
		{54501E55-DB3B-482C-8AED-8444AE0E221C}.Release|Any CPU.Build.0 = Release|Any CPU
		{54501E55-DB3B-482C-8AED-8444AE0E221C}.Release|x64.ActiveCfg = Release|Any CPU
		{54501E55-DB3B-482C-8AED-8444AE0E221C}.Release|x64.Build.0 = Release|Any CPU
		{54501E55-DB3B-482C-8AED-8444AE0E221C}.Release|x86.ActiveCfg = Release|Any CPU
		{54501E55-DB3B-482C-8AED-8444AE0E221C}.Release|x86.Build.0 = Release|Any CPU
		{7FF49353-613C-434D-A0B2-D923BE3C12BE}.Debug|Any CPU.ActiveCfg = Debug|Any CPU
		{7FF49353-613C-434D-A0B2-D923BE3C12BE}.Debug|Any CPU.Build.0 = Debug|Any CPU
		{7FF49353-613C-434D-A0B2-D923BE3C12BE}.Debug|x64.ActiveCfg = Debug|Any CPU
		{7FF49353-613C-434D-A0B2-D923BE3C12BE}.Debug|x64.Build.0 = Debug|Any CPU
		{7FF49353-613C-434D-A0B2-D923BE3C12BE}.Debug|x86.ActiveCfg = Debug|Any CPU
		{7FF49353-613C-434D-A0B2-D923BE3C12BE}.Debug|x86.Build.0 = Debug|Any CPU
		{7FF49353-613C-434D-A0B2-D923BE3C12BE}.Release|Any CPU.ActiveCfg = Release|Any CPU
		{7FF49353-613C-434D-A0B2-D923BE3C12BE}.Release|Any CPU.Build.0 = Release|Any CPU
		{7FF49353-613C-434D-A0B2-D923BE3C12BE}.Release|x64.ActiveCfg = Release|Any CPU
		{7FF49353-613C-434D-A0B2-D923BE3C12BE}.Release|x64.Build.0 = Release|Any CPU
		{7FF49353-613C-434D-A0B2-D923BE3C12BE}.Release|x86.ActiveCfg = Release|Any CPU
		{7FF49353-613C-434D-A0B2-D923BE3C12BE}.Release|x86.Build.0 = Release|Any CPU
	EndGlobalSection
	GlobalSection(SolutionProperties) = preSolution
		HideSolutionNode = FALSE
	EndGlobalSection
	GlobalSection(NestedProjects) = preSolution
		{43CC8CF0-7850-45CD-A08C-272A63AD1E16} = {827E0CD3-B72D-47B6-A68D-7590B98EB39B}
		{1C5B860D-65A1-4803-8BD4-B9357E0DC50B} = {827E0CD3-B72D-47B6-A68D-7590B98EB39B}
		{0488CD07-26CD-4DD7-B821-05FBED40F44B} = {827E0CD3-B72D-47B6-A68D-7590B98EB39B}
		{E70EB2DD-C73A-43CC-9BF2-A27BE7172335} = {827E0CD3-B72D-47B6-A68D-7590B98EB39B}
		{DECC5FBF-66FB-4940-90D1-699926F90171} = {0AB3BF05-4346-4AA6-1389-037BE0695223}
		{41C06B2E-89D7-4EA4-B335-111403136399} = {0AB3BF05-4346-4AA6-1389-037BE0695223}
		{54501E55-DB3B-482C-8AED-8444AE0E221C} = {0AB3BF05-4346-4AA6-1389-037BE0695223}
		{7FF49353-613C-434D-A0B2-D923BE3C12BE} = {827E0CD3-B72D-47B6-A68D-7590B98EB39B}
	EndGlobalSection
EndGlobal
