
Microsoft Visual Studio Solution File, Format Version 12.00
# Visual Studio Version 17
VisualStudioVersion = 17.0.31903.59
MinimumVisualStudioVersion = 10.0.40219.1
Project("{2150E333-8FDC-42A3-9474-1A3956D46DE8}") = "src", "src", "{827E0CD3-B72D-47B6-A68D-7590B98EB39B}"
EndProject
Project("{FAE04EC0-301F-11D3-BF4B-00C04F79EFBC}") = "HVO.WebSite.v9", "src\HVO.WebSite.v9\HVO.WebSite.v9.csproj", "{43CC8CF0-7850-45CD-A08C-272A63AD1E16}"
EndProject
Project("{FAE04EC0-301F-11D3-BF4B-00C04F79EFBC}") = "HVO.DataModels", "src\HVO.DataModels\HVO.DataModels.csproj", "{1C5B860D-65A1-4803-8BD4-B9357E0DC50B}"
EndProject
Project("{FAE04EC0-301F-11D3-BF4B-00C04F79EFBC}") = "HVO.WebSite.Themes", "src\HVO.WebSite.Themes\HVO.WebSite.Themes.csproj", "{0488CD07-26CD-4DD7-B821-05FBED40F44B}"
EndProject
Project("{42EA0DBD-9CF1-443E-919E-BE9C484E4577}") = "HVO.Database", "src\HVO.Database\HVO.Database.sqlproj", "{E70EB2DD-C73A-43CC-9BF2-A27BE7172335}"
EndProject
Project("{2150E333-8FDC-42A3-9474-1A3956D46DE8}") = "tests", "tests", "{0AB3BF05-4346-4AA6-1389-037BE0695223}"
EndProject
Project("{2150E333-8FDC-42A3-9474-1A3956D46DE8}") = "tools", "tools", "{CAFE0001-1111-2222-3333-444455556666}"
EndProject
Project("{FAE04EC0-301F-11D3-BF4B-00C04F79EFBC}") = "HVO.WebSite.UnitTests", "tests\HVO.WebSite.UnitTests\HVO.WebSite.UnitTests.csproj", "{DECC5FBF-66FB-4940-90D1-699926F90171}"
EndProject
Project("{FAE04EC0-301F-11D3-BF4B-00C04F79EFBC}") = "HVO.WebSite.ApiTests", "tests\HVO.WebSite.ApiTests\HVO.WebSite.ApiTests.csproj", "{41C06B2E-89D7-4EA4-B335-111403136399}"
EndProject
Project("{FAE04EC0-301F-11D3-BF4B-00C04F79EFBC}") = "HVO.WebSite.PlaywrightTests", "tests\HVO.WebSite.PlaywrightTests\HVO.WebSite.PlaywrightTests.csproj", "{54501E55-DB3B-482C-8AED-8444AE0E221C}"
EndProject
Project("{FAE04EC0-301F-11D3-BF4B-00C04F79EFBC}") = "HVO.Hardware.DavisVantagePro2", "src\HVO.Hardware.DavisVantagePro2\HVO.Hardware.DavisVantagePro2.csproj", "{7FF49353-613C-434D-A0B2-D923BE3C12BE}"
EndProject
Project("{FAE04EC0-301F-11D3-BF4B-00C04F79EFBC}") = "HVO.Hardware.DavisVantagePro2.Tests", "tests\HVO.Hardware.DavisVantagePro2.Tests\HVO.Hardware.DavisVantagePro2.Tests.csproj", "{E56ED954-9EE4-491B-A134-FF1263A3C885}"
EndProject
Project("{FAE04EC0-301F-11D3-BF4B-00C04F79EFBC}") = "HVO.Hardware.JkBms", "src\HVO.Hardware.JkBms\HVO.Hardware.JkBms.csproj", "{A1B2C3D4-E5F6-7890-ABCD-EF1234567890}"
EndProject
Project("{FAE04EC0-301F-11D3-BF4B-00C04F79EFBC}") = "HVO.Hardware.JkBms.Tests", "tests\HVO.Hardware.JkBms.Tests\HVO.Hardware.JkBms.Tests.csproj", "{B2C3D4E5-F6A7-8901-BCDE-F12345678901}"
EndProject
Project("{FAE04EC0-301F-11D3-BF4B-00C04F79EFBC}") = "HVO.Staging", "src\HVO.Staging\HVO.Staging.csproj", "{5062B268-F251-43FA-83D3-E30A1E251774}"
EndProject
Project("{FAE04EC0-301F-11D3-BF4B-00C04F79EFBC}") = "HVO.Gateway.SolarAssistant", "src\HVO.Gateway.SolarAssistant\HVO.Gateway.SolarAssistant.csproj", "{9408AFBE-6740-4B22-86B9-B1E00FB6E3A2}"
EndProject
Project("{FAE04EC0-301F-11D3-BF4B-00C04F79EFBC}") = "HVO.Gateway.SolarAssistant.Tests", "tests\HVO.Gateway.SolarAssistant.Tests\HVO.Gateway.SolarAssistant.Tests.csproj", "{311EB677-5612-4652-97EF-C3AFC312A6CF}"
EndProject
Project("{FAE04EC0-301F-11D3-BF4B-00C04F79EFBC}") = "HVO.Hardware.VictronSmartShunt", "src\HVO.Hardware.VictronSmartShunt\HVO.Hardware.VictronSmartShunt.csproj", "{D0C00003-1111-2222-3333-444455556666}"
EndProject
Project("{FAE04EC0-301F-11D3-BF4B-00C04F79EFBC}") = "HVO.Hardware.VictronSmartShunt.Tests", "tests\HVO.Hardware.VictronSmartShunt.Tests\HVO.Hardware.VictronSmartShunt.Tests.csproj", "{D0C00004-1111-2222-3333-444455556666}"
EndProject
Project("{FAE04EC0-301F-11D3-BF4B-00C04F79EFBC}") = "HVO.Tools.JkBleConsole", "tools\HVO.Tools.JkBleConsole\HVO.Tools.JkBleConsole.csproj", "{C0DE0001-1111-2222-3333-444455556666}"
EndProject
Project("{FAE04EC0-301F-11D3-BF4B-00C04F79EFBC}") = "HVO.Tools.SmartShuntBleConsole", "tools\HVO.Tools.SmartShuntBleConsole\HVO.Tools.SmartShuntBleConsole.csproj", "{C0DE0002-1111-2222-3333-444455556666}"
EndProject
Project("{FAE04EC0-301F-11D3-BF4B-00C04F79EFBC}") = "HVO.Edge.Contracts", "src\HVO.Edge.Contracts\HVO.Edge.Contracts.csproj", "{451FDCAE-5F78-473D-8698-02615C3DC929}"
EndProject
Project("{FAE04EC0-301F-11D3-BF4B-00C04F79EFBC}") = "HVO.Edge.Outbox", "src\HVO.Edge.Outbox\HVO.Edge.Outbox.csproj", "{73D6692D-A7DD-4950-A8FE-D8EAD8BC9136}"
EndProject
Project("{FAE04EC0-301F-11D3-BF4B-00C04F79EFBC}") = "HVO.Edge.Outbox.Tests", "tests\HVO.Edge.Outbox.Tests\HVO.Edge.Outbox.Tests.csproj", "{9BCAD45A-2012-402F-9087-A2E3725D6957}"
EndProject
Project("{FAE04EC0-301F-11D3-BF4B-00C04F79EFBC}") = "HVO.Edge.Contracts.Tests", "tests\HVO.Edge.Contracts.Tests\HVO.Edge.Contracts.Tests.csproj", "{27392DCD-5D4D-470B-AF01-337C7CEA3D4A}"
EndProject
Project("{FAE04EC0-301F-11D3-BF4B-00C04F79EFBC}") = "HVO.Gateway.TplinkKasa", "src\HVO.Gateway.TplinkKasa\HVO.Gateway.TplinkKasa.csproj", "{2D7AEB8C-9BC1-481F-97B8-667D39E95BE8}"
EndProject
Project("{FAE04EC0-301F-11D3-BF4B-00C04F79EFBC}") = "HVO.Gateway.TplinkKasa.Tests", "tests\HVO.Gateway.TplinkKasa.Tests\HVO.Gateway.TplinkKasa.Tests.csproj", "{C736F6C3-90EE-4232-A868-92AAE3418C8A}"
EndProject
Global
	GlobalSection(SolutionConfigurationPlatforms) = preSolution
		Debug|Any CPU = Debug|Any CPU
		Debug|x64 = Debug|x64
		Debug|x86 = Debug|x86
		Release|Any CPU = Release|Any CPU
		Release|x64 = Release|x64
		Release|x86 = Release|x86
	EndGlobalSection
	GlobalSection(ProjectConfigurationPlatforms) = postSolution
		{43CC8CF0-7850-45CD-A08C-272A63AD1E16}.Debug|Any CPU.ActiveCfg = Debug|Any CPU
		{43CC8CF0-7850-45CD-A08C-272A63AD1E16}.Debug|Any CPU.Build.0 = Debug|Any CPU
		{43CC8CF0-7850-45CD-A08C-272A63AD1E16}.Debug|x64.ActiveCfg = Debug|Any CPU
		{43CC8CF0-7850-45CD-A08C-272A63AD1E16}.Debug|x64.Build.0 = Debug|Any CPU
		{43CC8CF0-7850-45CD-A08C-272A63AD1E16}.Debug|x86.ActiveCfg = Debug|Any CPU
		{43CC8CF0-7850-45CD-A08C-272A63AD1E16}.Debug|x86.Build.0 = Debug|Any CPU
		{43CC8CF0-7850-45CD-A08C-272A63AD1E16}.Release|Any CPU.ActiveCfg = Release|Any CPU
		{43CC8CF0-7850-45CD-A08C-272A63AD1E16}.Release|Any CPU.Build.0 = Release|Any CPU
		{43CC8CF0-7850-45CD-A08C-272A63AD1E16}.Release|x64.ActiveCfg = Release|Any CPU
		{43CC8CF0-7850-45CD-A08C-272A63AD1E16}.Release|x64.Build.0 = Release|Any CPU
		{43CC8CF0-7850-45CD-A08C-272A63AD1E16}.Release|x86.ActiveCfg = Release|Any CPU
		{43CC8CF0-7850-45CD-A08C-272A63AD1E16}.Release|x86.Build.0 = Release|Any CPU
		{1C5B860D-65A1-4803-8BD4-B9357E0DC50B}.Debug|Any CPU.ActiveCfg = Debug|Any CPU
		{1C5B860D-65A1-4803-8BD4-B9357E0DC50B}.Debug|Any CPU.Build.0 = Debug|Any CPU
		{1C5B860D-65A1-4803-8BD4-B9357E0DC50B}.Debug|x64.ActiveCfg = Debug|Any CPU
		{1C5B860D-65A1-4803-8BD4-B9357E0DC50B}.Debug|x64.Build.0 = Debug|Any CPU
		{1C5B860D-65A1-4803-8BD4-B9357E0DC50B}.Debug|x86.ActiveCfg = Debug|Any CPU
		{1C5B860D-65A1-4803-8BD4-B9357E0DC50B}.Debug|x86.Build.0 = Debug|Any CPU
		{1C5B860D-65A1-4803-8BD4-B9357E0DC50B}.Release|Any CPU.ActiveCfg = Release|Any CPU
		{1C5B860D-65A1-4803-8BD4-B9357E0DC50B}.Release|Any CPU.Build.0 = Release|Any CPU
		{1C5B860D-65A1-4803-8BD4-B9357E0DC50B}.Release|x64.ActiveCfg = Release|Any CPU
		{1C5B860D-65A1-4803-8BD4-B9357E0DC50B}.Release|x64.Build.0 = Release|Any CPU
		{1C5B860D-65A1-4803-8BD4-B9357E0DC50B}.Release|x86.ActiveCfg = Release|Any CPU
		{1C5B860D-65A1-4803-8BD4-B9357E0DC50B}.Release|x86.Build.0 = Release|Any CPU
		{0488CD07-26CD-4DD7-B821-05FBED40F44B}.Debug|Any CPU.ActiveCfg = Debug|Any CPU
		{0488CD07-26CD-4DD7-B821-05FBED40F44B}.Debug|Any CPU.Build.0 = Debug|Any CPU
		{0488CD07-26CD-4DD7-B821-05FBED40F44B}.Debug|x64.ActiveCfg = Debug|Any CPU
		{0488CD07-26CD-4DD7-B821-05FBED40F44B}.Debug|x64.Build.0 = Debug|Any CPU
		{0488CD07-26CD-4DD7-B821-05FBED40F44B}.Debug|x86.ActiveCfg = Debug|Any CPU
		{0488CD07-26CD-4DD7-B821-05FBED40F44B}.Debug|x86.Build.0 = Debug|Any CPU
		{0488CD07-26CD-4DD7-B821-05FBED40F44B}.Release|Any CPU.ActiveCfg = Release|Any CPU
		{0488CD07-26CD-4DD7-B821-05FBED40F44B}.Release|Any CPU.Build.0 = Release|Any CPU
		{0488CD07-26CD-4DD7-B821-05FBED40F44B}.Release|x64.ActiveCfg = Release|Any CPU
		{0488CD07-26CD-4DD7-B821-05FBED40F44B}.Release|x64.Build.0 = Release|Any CPU
		{0488CD07-26CD-4DD7-B821-05FBED40F44B}.Release|x86.ActiveCfg = Release|Any CPU
		{0488CD07-26CD-4DD7-B821-05FBED40F44B}.Release|x86.Build.0 = Release|Any CPU
		{E70EB2DD-C73A-43CC-9BF2-A27BE7172335}.Debug|Any CPU.ActiveCfg = Debug|Any CPU
		{E70EB2DD-C73A-43CC-9BF2-A27BE7172335}.Debug|Any CPU.Build.0 = Debug|Any CPU
		{E70EB2DD-C73A-43CC-9BF2-A27BE7172335}.Debug|x64.ActiveCfg = Debug|Any CPU
		{E70EB2DD-C73A-43CC-9BF2-A27BE7172335}.Debug|x64.Build.0 = Debug|Any CPU
		{E70EB2DD-C73A-43CC-9BF2-A27BE7172335}.Debug|x86.ActiveCfg = Debug|Any CPU
		{E70EB2DD-C73A-43CC-9BF2-A27BE7172335}.Debug|x86.Build.0 = Debug|Any CPU
		{E70EB2DD-C73A-43CC-9BF2-A27BE7172335}.Release|Any CPU.ActiveCfg = Release|Any CPU
		{E70EB2DD-C73A-43CC-9BF2-A27BE7172335}.Release|Any CPU.Build.0 = Release|Any CPU
		{E70EB2DD-C73A-43CC-9BF2-A27BE7172335}.Release|x64.ActiveCfg = Release|Any CPU
		{E70EB2DD-C73A-43CC-9BF2-A27BE7172335}.Release|x64.Build.0 = Release|Any CPU
		{E70EB2DD-C73A-43CC-9BF2-A27BE7172335}.Release|x86.ActiveCfg = Release|Any CPU
		{E70EB2DD-C73A-43CC-9BF2-A27BE7172335}.Release|x86.Build.0 = Release|Any CPU
		{DECC5FBF-66FB-4940-90D1-699926F90171}.Debug|Any CPU.ActiveCfg = Debug|Any CPU
		{DECC5FBF-66FB-4940-90D1-699926F90171}.Debug|Any CPU.Build.0 = Debug|Any CPU
		{DECC5FBF-66FB-4940-90D1-699926F90171}.Debug|x64.ActiveCfg = Debug|Any CPU
		{DECC5FBF-66FB-4940-90D1-699926F90171}.Debug|x64.Build.0 = Debug|Any CPU
		{DECC5FBF-66FB-4940-90D1-699926F90171}.Debug|x86.ActiveCfg = Debug|Any CPU
		{DECC5FBF-66FB-4940-90D1-699926F90171}.Debug|x86.Build.0 = Debug|Any CPU
		{DECC5FBF-66FB-4940-90D1-699926F90171}.Release|Any CPU.ActiveCfg = Release|Any CPU
		{DECC5FBF-66FB-4940-90D1-699926F90171}.Release|Any CPU.Build.0 = Release|Any CPU
		{DECC5FBF-66FB-4940-90D1-699926F90171}.Release|x64.ActiveCfg = Release|Any CPU
		{DECC5FBF-66FB-4940-90D1-699926F90171}.Release|x64.Build.0 = Release|Any CPU
		{DECC5FBF-66FB-4940-90D1-699926F90171}.Release|x86.ActiveCfg = Release|Any CPU
		{DECC5FBF-66FB-4940-90D1-699926F90171}.Release|x86.Build.0 = Release|Any CPU
		{41C06B2E-89D7-4EA4-B335-111403136399}.Debug|Any CPU.ActiveCfg = Debug|Any CPU
		{41C06B2E-89D7-4EA4-B335-111403136399}.Debug|Any CPU.Build.0 = Debug|Any CPU
		{41C06B2E-89D7-4EA4-B335-111403136399}.Debug|x64.ActiveCfg = Debug|Any CPU
		{41C06B2E-89D7-4EA4-B335-111403136399}.Debug|x64.Build.0 = Debug|Any CPU
		{41C06B2E-89D7-4EA4-B335-111403136399}.Debug|x86.ActiveCfg = Debug|Any CPU
		{41C06B2E-89D7-4EA4-B335-111403136399}.Debug|x86.Build.0 = Debug|Any CPU
		{41C06B2E-89D7-4EA4-B335-111403136399}.Release|Any CPU.ActiveCfg = Release|Any CPU
		{41C06B2E-89D7-4EA4-B335-111403136399}.Release|Any CPU.Build.0 = Release|Any CPU
		{41C06B2E-89D7-4EA4-B335-111403136399}.Release|x64.ActiveCfg = Release|Any CPU
		{41C06B2E-89D7-4EA4-B335-111403136399}.Release|x64.Build.0 = Release|Any CPU
		{41C06B2E-89D7-4EA4-B335-111403136399}.Release|x86.ActiveCfg = Release|Any CPU
		{41C06B2E-89D7-4EA4-B335-111403136399}.Release|x86.Build.0 = Release|Any CPU
		{54501E55-DB3B-482C-8AED-8444AE0E221C}.Debug|Any CPU.ActiveCfg = Debug|Any CPU
		{54501E55-DB3B-482C-8AED-8444AE0E221C}.Debug|Any CPU.Build.0 = Debug|Any CPU
		{54501E55-DB3B-482C-8AED-8444AE0E221C}.Debug|x64.ActiveCfg = Debug|Any CPU
		{54501E55-DB3B-482C-8AED-8444AE0E221C}.Debug|x64.Build.0 = Debug|Any CPU
		{54501E55-DB3B-482C-8AED-8444AE0E221C}.Debug|x86.ActiveCfg = Debug|Any CPU
		{54501E55-DB3B-482C-8AED-8444AE0E221C}.Debug|x86.Build.0 = Debug|Any CPU
		{54501E55-DB3B-482C-8AED-8444AE0E221C}.Release|Any CPU.ActiveCfg = Release|Any CPU
		{54501E55-DB3B-482C-8AED-8444AE0E221C}.Release|Any CPU.Build.0 = Release|Any CPU
		{54501E55-DB3B-482C-8AED-8444AE0E221C}.Release|x64.ActiveCfg = Release|Any CPU
		{54501E55-DB3B-482C-8AED-8444AE0E221C}.Release|x64.Build.0 = Release|Any CPU
		{54501E55-DB3B-482C-8AED-8444AE0E221C}.Release|x86.ActiveCfg = Release|Any CPU
		{54501E55-DB3B-482C-8AED-8444AE0E221C}.Release|x86.Build.0 = Release|Any CPU
		{7FF49353-613C-434D-A0B2-D923BE3C12BE}.Debug|Any CPU.ActiveCfg = Debug|Any CPU
		{7FF49353-613C-434D-A0B2-D923BE3C12BE}.Debug|Any CPU.Build.0 = Debug|Any CPU
		{7FF49353-613C-434D-A0B2-D923BE3C12BE}.Debug|x64.ActiveCfg = Debug|Any CPU
		{7FF49353-613C-434D-A0B2-D923BE3C12BE}.Debug|x64.Build.0 = Debug|Any CPU
		{7FF49353-613C-434D-A0B2-D923BE3C12BE}.Debug|x86.ActiveCfg = Debug|Any CPU
		{7FF49353-613C-434D-A0B2-D923BE3C12BE}.Debug|x86.Build.0 = Debug|Any CPU
		{7FF49353-613C-434D-A0B2-D923BE3C12BE}.Release|Any CPU.ActiveCfg = Release|Any CPU
		{7FF49353-613C-434D-A0B2-D923BE3C12BE}.Release|Any CPU.Build.0 = Release|Any CPU
		{7FF49353-613C-434D-A0B2-D923BE3C12BE}.Release|x64.ActiveCfg = Release|Any CPU
		{7FF49353-613C-434D-A0B2-D923BE3C12BE}.Release|x64.Build.0 = Release|Any CPU
		{7FF49353-613C-434D-A0B2-D923BE3C12BE}.Release|x86.ActiveCfg = Release|Any CPU
		{7FF49353-613C-434D-A0B2-D923BE3C12BE}.Release|x86.Build.0 = Release|Any CPU
		{E56ED954-9EE4-491B-A134-FF1263A3C885}.Debug|Any CPU.ActiveCfg = Debug|Any CPU
		{E56ED954-9EE4-491B-A134-FF1263A3C885}.Debug|Any CPU.Build.0 = Debug|Any CPU
		{E56ED954-9EE4-491B-A134-FF1263A3C885}.Debug|x64.ActiveCfg = Debug|Any CPU
		{E56ED954-9EE4-491B-A134-FF1263A3C885}.Debug|x64.Build.0 = Debug|Any CPU
		{E56ED954-9EE4-491B-A134-FF1263A3C885}.Debug|x86.ActiveCfg = Debug|Any CPU
		{E56ED954-9EE4-491B-A134-FF1263A3C885}.Debug|x86.Build.0 = Debug|Any CPU
		{E56ED954-9EE4-491B-A134-FF1263A3C885}.Release|Any CPU.ActiveCfg = Release|Any CPU
		{E56ED954-9EE4-491B-A134-FF1263A3C885}.Release|Any CPU.Build.0 = Release|Any CPU
		{E56ED954-9EE4-491B-A134-FF1263A3C885}.Release|x64.ActiveCfg = Release|Any CPU
		{E56ED954-9EE4-491B-A134-FF1263A3C885}.Release|x64.Build.0 = Release|Any CPU
		{E56ED954-9EE4-491B-A134-FF1263A3C885}.Release|x86.ActiveCfg = Release|Any CPU
		{E56ED954-9EE4-491B-A134-FF1263A3C885}.Release|x86.Build.0 = Release|Any CPU
		{A1B2C3D4-E5F6-7890-ABCD-EF1234567890}.Debug|Any CPU.ActiveCfg = Debug|Any CPU
		{A1B2C3D4-E5F6-7890-ABCD-EF1234567890}.Debug|Any CPU.Build.0 = Debug|Any CPU
		{A1B2C3D4-E5F6-7890-ABCD-EF1234567890}.Debug|x64.ActiveCfg = Debug|Any CPU
		{A1B2C3D4-E5F6-7890-ABCD-EF1234567890}.Debug|x64.Build.0 = Debug|Any CPU
		{A1B2C3D4-E5F6-7890-ABCD-EF1234567890}.Debug|x86.ActiveCfg = Debug|Any CPU
		{A1B2C3D4-E5F6-7890-ABCD-EF1234567890}.Debug|x86.Build.0 = Debug|Any CPU
		{A1B2C3D4-E5F6-7890-ABCD-EF1234567890}.Release|Any CPU.ActiveCfg = Release|Any CPU
		{A1B2C3D4-E5F6-7890-ABCD-EF1234567890}.Release|Any CPU.Build.0 = Release|Any CPU
		{A1B2C3D4-E5F6-7890-ABCD-EF1234567890}.Release|x64.ActiveCfg = Release|Any CPU
		{A1B2C3D4-E5F6-7890-ABCD-EF1234567890}.Release|x64.Build.0 = Release|Any CPU
		{A1B2C3D4-E5F6-7890-ABCD-EF1234567890}.Release|x86.ActiveCfg = Release|Any CPU
		{A1B2C3D4-E5F6-7890-ABCD-EF1234567890}.Release|x86.Build.0 = Release|Any CPU
		{B2C3D4E5-F6A7-8901-BCDE-F12345678901}.Debug|Any CPU.ActiveCfg = Debug|Any CPU
		{B2C3D4E5-F6A7-8901-BCDE-F12345678901}.Debug|Any CPU.Build.0 = Debug|Any CPU
		{B2C3D4E5-F6A7-8901-BCDE-F12345678901}.Debug|x64.ActiveCfg = Debug|Any CPU
		{B2C3D4E5-F6A7-8901-BCDE-F12345678901}.Debug|x64.Build.0 = Debug|Any CPU
		{B2C3D4E5-F6A7-8901-BCDE-F12345678901}.Debug|x86.ActiveCfg = Debug|Any CPU
		{B2C3D4E5-F6A7-8901-BCDE-F12345678901}.Debug|x86.Build.0 = Debug|Any CPU
		{B2C3D4E5-F6A7-8901-BCDE-F12345678901}.Release|Any CPU.ActiveCfg = Release|Any CPU
		{B2C3D4E5-F6A7-8901-BCDE-F12345678901}.Release|Any CPU.Build.0 = Release|Any CPU
		{B2C3D4E5-F6A7-8901-BCDE-F12345678901}.Release|x64.ActiveCfg = Release|Any CPU
		{B2C3D4E5-F6A7-8901-BCDE-F12345678901}.Release|x64.Build.0 = Release|Any CPU
		{B2C3D4E5-F6A7-8901-BCDE-F12345678901}.Release|x86.ActiveCfg = Release|Any CPU
		{B2C3D4E5-F6A7-8901-BCDE-F12345678901}.Release|x86.Build.0 = Release|Any CPU
		{5062B268-F251-43FA-83D3-E30A1E251774}.Debug|Any CPU.ActiveCfg = Debug|Any CPU
		{5062B268-F251-43FA-83D3-E30A1E251774}.Debug|Any CPU.Build.0 = Debug|Any CPU
		{5062B268-F251-43FA-83D3-E30A1E251774}.Debug|x64.ActiveCfg = Debug|Any CPU
		{5062B268-F251-43FA-83D3-E30A1E251774}.Debug|x64.Build.0 = Debug|Any CPU
		{5062B268-F251-43FA-83D3-E30A1E251774}.Debug|x86.ActiveCfg = Debug|Any CPU
		{5062B268-F251-43FA-83D3-E30A1E251774}.Debug|x86.Build.0 = Debug|Any CPU
		{5062B268-F251-43FA-83D3-E30A1E251774}.Release|Any CPU.ActiveCfg = Release|Any CPU
		{5062B268-F251-43FA-83D3-E30A1E251774}.Release|Any CPU.Build.0 = Release|Any CPU
		{5062B268-F251-43FA-83D3-E30A1E251774}.Release|x64.ActiveCfg = Release|Any CPU
		{5062B268-F251-43FA-83D3-E30A1E251774}.Release|x64.Build.0 = Release|Any CPU
		{5062B268-F251-43FA-83D3-E30A1E251774}.Release|x86.ActiveCfg = Release|Any CPU
		{5062B268-F251-43FA-83D3-E30A1E251774}.Release|x86.Build.0 = Release|Any CPU
		{9408AFBE-6740-4B22-86B9-B1E00FB6E3A2}.Debug|Any CPU.ActiveCfg = Debug|Any CPU
		{9408AFBE-6740-4B22-86B9-B1E00FB6E3A2}.Debug|Any CPU.Build.0 = Debug|Any CPU
		{9408AFBE-6740-4B22-86B9-B1E00FB6E3A2}.Debug|x64.ActiveCfg = Debug|Any CPU
		{9408AFBE-6740-4B22-86B9-B1E00FB6E3A2}.Debug|x64.Build.0 = Debug|Any CPU
		{9408AFBE-6740-4B22-86B9-B1E00FB6E3A2}.Debug|x86.ActiveCfg = Debug|Any CPU
		{9408AFBE-6740-4B22-86B9-B1E00FB6E3A2}.Debug|x86.Build.0 = Debug|Any CPU
		{9408AFBE-6740-4B22-86B9-B1E00FB6E3A2}.Release|Any CPU.ActiveCfg = Release|Any CPU
		{9408AFBE-6740-4B22-86B9-B1E00FB6E3A2}.Release|Any CPU.Build.0 = Release|Any CPU
		{9408AFBE-6740-4B22-86B9-B1E00FB6E3A2}.Release|x64.ActiveCfg = Release|Any CPU
		{9408AFBE-6740-4B22-86B9-B1E00FB6E3A2}.Release|x64.Build.0 = Release|Any CPU
		{9408AFBE-6740-4B22-86B9-B1E00FB6E3A2}.Release|x86.ActiveCfg = Release|Any CPU
		{9408AFBE-6740-4B22-86B9-B1E00FB6E3A2}.Release|x86.Build.0 = Release|Any CPU
		{311EB677-5612-4652-97EF-C3AFC312A6CF}.Debug|Any CPU.ActiveCfg = Debug|Any CPU
		{311EB677-5612-4652-97EF-C3AFC312A6CF}.Debug|Any CPU.Build.0 = Debug|Any CPU
		{311EB677-5612-4652-97EF-C3AFC312A6CF}.Debug|x64.ActiveCfg = Debug|Any CPU
		{311EB677-5612-4652-97EF-C3AFC312A6CF}.Debug|x64.Build.0 = Debug|Any CPU
		{311EB677-5612-4652-97EF-C3AFC312A6CF}.Debug|x86.ActiveCfg = Debug|Any CPU
		{311EB677-5612-4652-97EF-C3AFC312A6CF}.Debug|x86.Build.0 = Debug|Any CPU
		{311EB677-5612-4652-97EF-C3AFC312A6CF}.Release|Any CPU.ActiveCfg = Release|Any CPU
		{311EB677-5612-4652-97EF-C3AFC312A6CF}.Release|Any CPU.Build.0 = Release|Any CPU
		{311EB677-5612-4652-97EF-C3AFC312A6CF}.Release|x64.ActiveCfg = Release|Any CPU
		{311EB677-5612-4652-97EF-C3AFC312A6CF}.Release|x64.Build.0 = Release|Any CPU
		{311EB677-5612-4652-97EF-C3AFC312A6CF}.Release|x86.ActiveCfg = Release|Any CPU
		{311EB677-5612-4652-97EF-C3AFC312A6CF}.Release|x86.Build.0 = Release|Any CPU
		{D0C00003-1111-2222-3333-444455556666}.Debug|Any CPU.ActiveCfg = Debug|Any CPU
		{D0C00003-1111-2222-3333-444455556666}.Debug|Any CPU.Build.0 = Debug|Any CPU
		{D0C00003-1111-2222-3333-444455556666}.Debug|x64.ActiveCfg = Debug|Any CPU
		{D0C00003-1111-2222-3333-444455556666}.Debug|x64.Build.0 = Debug|Any CPU
		{D0C00003-1111-2222-3333-444455556666}.Debug|x86.ActiveCfg = Debug|Any CPU
		{D0C00003-1111-2222-3333-444455556666}.Debug|x86.Build.0 = Debug|Any CPU
		{D0C00003-1111-2222-3333-444455556666}.Release|Any CPU.ActiveCfg = Release|Any CPU
		{D0C00003-1111-2222-3333-444455556666}.Release|Any CPU.Build.0 = Release|Any CPU
		{D0C00003-1111-2222-3333-444455556666}.Release|x64.ActiveCfg = Release|Any CPU
		{D0C00003-1111-2222-3333-444455556666}.Release|x64.Build.0 = Release|Any CPU
		{D0C00003-1111-2222-3333-444455556666}.Release|x86.ActiveCfg = Release|Any CPU
		{D0C00003-1111-2222-3333-444455556666}.Release|x86.Build.0 = Release|Any CPU
		{D0C00004-1111-2222-3333-444455556666}.Debug|Any CPU.ActiveCfg = Debug|Any CPU
		{D0C00004-1111-2222-3333-444455556666}.Debug|Any CPU.Build.0 = Debug|Any CPU
		{D0C00004-1111-2222-3333-444455556666}.Debug|x64.ActiveCfg = Debug|Any CPU
		{D0C00004-1111-2222-3333-444455556666}.Debug|x64.Build.0 = Debug|Any CPU
		{D0C00004-1111-2222-3333-444455556666}.Debug|x86.ActiveCfg = Debug|Any CPU
		{D0C00004-1111-2222-3333-444455556666}.Debug|x86.Build.0 = Debug|Any CPU
		{D0C00004-1111-2222-3333-444455556666}.Release|Any CPU.ActiveCfg = Release|Any CPU
		{D0C00004-1111-2222-3333-444455556666}.Release|Any CPU.Build.0 = Release|Any CPU
		{D0C00004-1111-2222-3333-444455556666}.Release|x64.ActiveCfg = Release|Any CPU
		{D0C00004-1111-2222-3333-444455556666}.Release|x64.Build.0 = Release|Any CPU
		{D0C00004-1111-2222-3333-444455556666}.Release|x86.ActiveCfg = Release|Any CPU
		{D0C00004-1111-2222-3333-444455556666}.Release|x86.Build.0 = Release|Any CPU
		{C0DE0001-1111-2222-3333-444455556666}.Debug|Any CPU.ActiveCfg = Debug|Any CPU
		{C0DE0001-1111-2222-3333-444455556666}.Debug|Any CPU.Build.0 = Debug|Any CPU
		{C0DE0001-1111-2222-3333-444455556666}.Debug|x64.ActiveCfg = Debug|Any CPU
		{C0DE0001-1111-2222-3333-444455556666}.Debug|x64.Build.0 = Debug|Any CPU
		{C0DE0001-1111-2222-3333-444455556666}.Debug|x86.ActiveCfg = Debug|Any CPU
		{C0DE0001-1111-2222-3333-444455556666}.Debug|x86.Build.0 = Debug|Any CPU
		{C0DE0001-1111-2222-3333-444455556666}.Release|Any CPU.ActiveCfg = Release|Any CPU
		{C0DE0001-1111-2222-3333-444455556666}.Release|Any CPU.Build.0 = Release|Any CPU
		{C0DE0001-1111-2222-3333-444455556666}.Release|x64.ActiveCfg = Release|Any CPU
		{C0DE0001-1111-2222-3333-444455556666}.Release|x64.Build.0 = Release|Any CPU
		{C0DE0001-1111-2222-3333-444455556666}.Release|x86.ActiveCfg = Release|Any CPU
		{C0DE0001-1111-2222-3333-444455556666}.Release|x86.Build.0 = Release|Any CPU
		{C0DE0002-1111-2222-3333-444455556666}.Debug|Any CPU.ActiveCfg = Debug|Any CPU
		{C0DE0002-1111-2222-3333-444455556666}.Debug|Any CPU.Build.0 = Debug|Any CPU
		{C0DE0002-1111-2222-3333-444455556666}.Debug|x64.ActiveCfg = Debug|Any CPU
		{C0DE0002-1111-2222-3333-444455556666}.Debug|x64.Build.0 = Debug|Any CPU
		{C0DE0002-1111-2222-3333-444455556666}.Debug|x86.ActiveCfg = Debug|Any CPU
		{C0DE0002-1111-2222-3333-444455556666}.Debug|x86.Build.0 = Debug|Any CPU
		{C0DE0002-1111-2222-3333-444455556666}.Release|Any CPU.ActiveCfg = Release|Any CPU
		{C0DE0002-1111-2222-3333-444455556666}.Release|Any CPU.Build.0 = Release|Any CPU
		{C0DE0002-1111-2222-3333-444455556666}.Release|x64.ActiveCfg = Release|Any CPU
		{C0DE0002-1111-2222-3333-444455556666}.Release|x64.Build.0 = Release|Any CPU
		{C0DE0002-1111-2222-3333-444455556666}.Release|x86.ActiveCfg = Release|Any CPU
		{C0DE0002-1111-2222-3333-444455556666}.Release|x86.Build.0 = Release|Any CPU
		{451FDCAE-5F78-473D-8698-02615C3DC929}.Debug|Any CPU.ActiveCfg = Debug|Any CPU
		{451FDCAE-5F78-473D-8698-02615C3DC929}.Debug|Any CPU.Build.0 = Debug|Any CPU
		{451FDCAE-5F78-473D-8698-02615C3DC929}.Debug|x64.ActiveCfg = Debug|Any CPU
		{451FDCAE-5F78-473D-8698-02615C3DC929}.Debug|x64.Build.0 = Debug|Any CPU
		{451FDCAE-5F78-473D-8698-02615C3DC929}.Debug|x86.ActiveCfg = Debug|Any CPU
		{451FDCAE-5F78-473D-8698-02615C3DC929}.Debug|x86.Build.0 = Debug|Any CPU
		{451FDCAE-5F78-473D-8698-02615C3DC929}.Release|Any CPU.ActiveCfg = Release|Any CPU
		{451FDCAE-5F78-473D-8698-02615C3DC929}.Release|Any CPU.Build.0 = Release|Any CPU
		{451FDCAE-5F78-473D-8698-02615C3DC929}.Release|x64.ActiveCfg = Release|Any CPU
		{451FDCAE-5F78-473D-8698-02615C3DC929}.Release|x64.Build.0 = Release|Any CPU
		{451FDCAE-5F78-473D-8698-02615C3DC929}.Release|x86.ActiveCfg = Release|Any CPU
		{451FDCAE-5F78-473D-8698-02615C3DC929}.Release|x86.Build.0 = Release|Any CPU
		{73D6692D-A7DD-4950-A8FE-D8EAD8BC9136}.Debug|Any CPU.ActiveCfg = Debug|Any CPU
		{73D6692D-A7DD-4950-A8FE-D8EAD8BC9136}.Debug|Any CPU.Build.0 = Debug|Any CPU
		{73D6692D-A7DD-4950-A8FE-D8EAD8BC9136}.Debug|x64.ActiveCfg = Debug|Any CPU
		{73D6692D-A7DD-4950-A8FE-D8EAD8BC9136}.Debug|x64.Build.0 = Debug|Any CPU
		{73D6692D-A7DD-4950-A8FE-D8EAD8BC9136}.Debug|x86.ActiveCfg = Debug|Any CPU
		{73D6692D-A7DD-4950-A8FE-D8EAD8BC9136}.Debug|x86.Build.0 = Debug|Any CPU
		{73D6692D-A7DD-4950-A8FE-D8EAD8BC9136}.Release|Any CPU.ActiveCfg = Release|Any CPU
		{73D6692D-A7DD-4950-A8FE-D8EAD8BC9136}.Release|Any CPU.Build.0 = Release|Any CPU
		{73D6692D-A7DD-4950-A8FE-D8EAD8BC9136}.Release|x64.ActiveCfg = Release|Any CPU
		{73D6692D-A7DD-4950-A8FE-D8EAD8BC9136}.Release|x64.Build.0 = Release|Any CPU
		{73D6692D-A7DD-4950-A8FE-D8EAD8BC9136}.Release|x86.ActiveCfg = Release|Any CPU
		{73D6692D-A7DD-4950-A8FE-D8EAD8BC9136}.Release|x86.Build.0 = Release|Any CPU
		{9BCAD45A-2012-402F-9087-A2E3725D6957}.Debug|Any CPU.ActiveCfg = Debug|Any CPU
		{9BCAD45A-2012-402F-9087-A2E3725D6957}.Debug|Any CPU.Build.0 = Debug|Any CPU
		{9BCAD45A-2012-402F-9087-A2E3725D6957}.Debug|x64.ActiveCfg = Debug|Any CPU
		{9BCAD45A-2012-402F-9087-A2E3725D6957}.Debug|x64.Build.0 = Debug|Any CPU
		{9BCAD45A-2012-402F-9087-A2E3725D6957}.Debug|x86.ActiveCfg = Debug|Any CPU
		{9BCAD45A-2012-402F-9087-A2E3725D6957}.Debug|x86.Build.0 = Debug|Any CPU
		{9BCAD45A-2012-402F-9087-A2E3725D6957}.Release|Any CPU.ActiveCfg = Release|Any CPU
		{9BCAD45A-2012-402F-9087-A2E3725D6957}.Release|Any CPU.Build.0 = Release|Any CPU
		{9BCAD45A-2012-402F-9087-A2E3725D6957}.Release|x64.ActiveCfg = Release|Any CPU
		{9BCAD45A-2012-402F-9087-A2E3725D6957}.Release|x64.Build.0 = Release|Any CPU
		{9BCAD45A-2012-402F-9087-A2E3725D6957}.Release|x86.ActiveCfg = Release|Any CPU
		{9BCAD45A-2012-402F-9087-A2E3725D6957}.Release|x86.Build.0 = Release|Any CPU
		{27392DCD-5D4D-470B-AF01-337C7CEA3D4A}.Debug|Any CPU.ActiveCfg = Debug|Any CPU
		{27392DCD-5D4D-470B-AF01-337C7CEA3D4A}.Debug|Any CPU.Build.0 = Debug|Any CPU
		{27392DCD-5D4D-470B-AF01-337C7CEA3D4A}.Debug|x64.ActiveCfg = Debug|Any CPU
		{27392DCD-5D4D-470B-AF01-337C7CEA3D4A}.Debug|x64.Build.0 = Debug|Any CPU
		{27392DCD-5D4D-470B-AF01-337C7CEA3D4A}.Debug|x86.ActiveCfg = Debug|Any CPU
		{27392DCD-5D4D-470B-AF01-337C7CEA3D4A}.Debug|x86.Build.0 = Debug|Any CPU
		{27392DCD-5D4D-470B-AF01-337C7CEA3D4A}.Release|Any CPU.ActiveCfg = Release|Any CPU
		{27392DCD-5D4D-470B-AF01-337C7CEA3D4A}.Release|Any CPU.Build.0 = Release|Any CPU
		{27392DCD-5D4D-470B-AF01-337C7CEA3D4A}.Release|x64.ActiveCfg = Release|Any CPU
		{27392DCD-5D4D-470B-AF01-337C7CEA3D4A}.Release|x64.Build.0 = Release|Any CPU
		{27392DCD-5D4D-470B-AF01-337C7CEA3D4A}.Release|x86.ActiveCfg = Release|Any CPU
		{27392DCD-5D4D-470B-AF01-337C7CEA3D4A}.Release|x86.Build.0 = Release|Any CPU
		{2D7AEB8C-9BC1-481F-97B8-667D39E95BE8}.Debug|Any CPU.ActiveCfg = Debug|Any CPU
		{2D7AEB8C-9BC1-481F-97B8-667D39E95BE8}.Debug|Any CPU.Build.0 = Debug|Any CPU
		{2D7AEB8C-9BC1-481F-97B8-667D39E95BE8}.Debug|x64.ActiveCfg = Debug|Any CPU
		{2D7AEB8C-9BC1-481F-97B8-667D39E95BE8}.Debug|x64.Build.0 = Debug|Any CPU
		{2D7AEB8C-9BC1-481F-97B8-667D39E95BE8}.Debug|x86.ActiveCfg = Debug|Any CPU
		{2D7AEB8C-9BC1-481F-97B8-667D39E95BE8}.Debug|x86.Build.0 = Debug|Any CPU
		{2D7AEB8C-9BC1-481F-97B8-667D39E95BE8}.Release|Any CPU.ActiveCfg = Release|Any CPU
		{2D7AEB8C-9BC1-481F-97B8-667D39E95BE8}.Release|Any CPU.Build.0 = Release|Any CPU
		{2D7AEB8C-9BC1-481F-97B8-667D39E95BE8}.Release|x64.ActiveCfg = Release|Any CPU
		{2D7AEB8C-9BC1-481F-97B8-667D39E95BE8}.Release|x64.Build.0 = Release|Any CPU
		{2D7AEB8C-9BC1-481F-97B8-667D39E95BE8}.Release|x86.ActiveCfg = Release|Any CPU
		{2D7AEB8C-9BC1-481F-97B8-667D39E95BE8}.Release|x86.Build.0 = Release|Any CPU
		{C736F6C3-90EE-4232-A868-92AAE3418C8A}.Debug|Any CPU.ActiveCfg = Debug|Any CPU
		{C736F6C3-90EE-4232-A868-92AAE3418C8A}.Debug|Any CPU.Build.0 = Debug|Any CPU
		{C736F6C3-90EE-4232-A868-92AAE3418C8A}.Debug|x64.ActiveCfg = Debug|Any CPU
		{C736F6C3-90EE-4232-A868-92AAE3418C8A}.Debug|x64.Build.0 = Debug|Any CPU
		{C736F6C3-90EE-4232-A868-92AAE3418C8A}.Debug|x86.ActiveCfg = Debug|Any CPU
		{C736F6C3-90EE-4232-A868-92AAE3418C8A}.Debug|x86.Build.0 = Debug|Any CPU
		{C736F6C3-90EE-4232-A868-92AAE3418C8A}.Release|Any CPU.ActiveCfg = Release|Any CPU
		{C736F6C3-90EE-4232-A868-92AAE3418C8A}.Release|Any CPU.Build.0 = Release|Any CPU
		{C736F6C3-90EE-4232-A868-92AAE3418C8A}.Release|x64.ActiveCfg = Release|Any CPU
		{C736F6C3-90EE-4232-A868-92AAE3418C8A}.Release|x64.Build.0 = Release|Any CPU
		{C736F6C3-90EE-4232-A868-92AAE3418C8A}.Release|x86.ActiveCfg = Release|Any CPU
		{C736F6C3-90EE-4232-A868-92AAE3418C8A}.Release|x86.Build.0 = Release|Any CPU
	EndGlobalSection
	GlobalSection(SolutionProperties) = preSolution
		HideSolutionNode = FALSE
	EndGlobalSection
	GlobalSection(NestedProjects) = preSolution
		{43CC8CF0-7850-45CD-A08C-272A63AD1E16} = {827E0CD3-B72D-47B6-A68D-7590B98EB39B}
		{1C5B860D-65A1-4803-8BD4-B9357E0DC50B} = {827E0CD3-B72D-47B6-A68D-7590B98EB39B}
		{0488CD07-26CD-4DD7-B821-05FBED40F44B} = {827E0CD3-B72D-47B6-A68D-7590B98EB39B}
		{E70EB2DD-C73A-43CC-9BF2-A27BE7172335} = {827E0CD3-B72D-47B6-A68D-7590B98EB39B}
		{DECC5FBF-66FB-4940-90D1-699926F90171} = {0AB3BF05-4346-4AA6-1389-037BE0695223}
		{41C06B2E-89D7-4EA4-B335-111403136399} = {0AB3BF05-4346-4AA6-1389-037BE0695223}
		{54501E55-DB3B-482C-8AED-8444AE0E221C} = {0AB3BF05-4346-4AA6-1389-037BE0695223}
		{7FF49353-613C-434D-A0B2-D923BE3C12BE} = {827E0CD3-B72D-47B6-A68D-7590B98EB39B}
		{E56ED954-9EE4-491B-A134-FF1263A3C885} = {0AB3BF05-4346-4AA6-1389-037BE0695223}
		{A1B2C3D4-E5F6-7890-ABCD-EF1234567890} = {827E0CD3-B72D-47B6-A68D-7590B98EB39B}
		{B2C3D4E5-F6A7-8901-BCDE-F12345678901} = {0AB3BF05-4346-4AA6-1389-037BE0695223}
		{5062B268-F251-43FA-83D3-E30A1E251774} = {827E0CD3-B72D-47B6-A68D-7590B98EB39B}
		{9408AFBE-6740-4B22-86B9-B1E00FB6E3A2} = {827E0CD3-B72D-47B6-A68D-7590B98EB39B}
		{311EB677-5612-4652-97EF-C3AFC312A6CF} = {0AB3BF05-4346-4AA6-1389-037BE0695223}
		{D0C00003-1111-2222-3333-444455556666} = {827E0CD3-B72D-47B6-A68D-7590B98EB39B}
		{D0C00004-1111-2222-3333-444455556666} = {0AB3BF05-4346-4AA6-1389-037BE0695223}
		{C0DE0001-1111-2222-3333-444455556666} = {CAFE0001-1111-2222-3333-444455556666}
		{C0DE0002-1111-2222-3333-444455556666} = {CAFE0001-1111-2222-3333-444455556666}
		{451FDCAE-5F78-473D-8698-02615C3DC929} = {827E0CD3-B72D-47B6-A68D-7590B98EB39B}
		{73D6692D-A7DD-4950-A8FE-D8EAD8BC9136} = {827E0CD3-B72D-47B6-A68D-7590B98EB39B}
		{9BCAD45A-2012-402F-9087-A2E3725D6957} = {0AB3BF05-4346-4AA6-1389-037BE0695223}
		{27392DCD-5D4D-470B-AF01-337C7CEA3D4A} = {0AB3BF05-4346-4AA6-1389-037BE0695223}
		{2D7AEB8C-9BC1-481F-97B8-667D39E95BE8} = {827E0CD3-B72D-47B6-A68D-7590B98EB39B}
		{C736F6C3-90EE-4232-A868-92AAE3418C8A} = {0AB3BF05-4346-4AA6-1389-037BE0695223}
	EndGlobalSection
EndGlobal
