{
  "version": 2,
  "dependencies": {
    "net10.0": {
      "coverlet.collector": {
        "type": "Direct",
        "requested": "[6.0.0, )",
        "resolved": "6.0.0",
        "contentHash": "tW3lsNS+dAEII6YGUX/VMoJjBS1QvsxqJeqLaJXub08y1FSjasFPtQ4UBUsudE9PNrzLjooClMsPtY2cZLdXpQ=="
      },
      "FluentAssertions": {
        "type": "Direct",
        "requested": "[8.7.1, )",
        "resolved": "8.7.1",
        "contentHash": "6DZCiDwyRfsaEvgpNQgahedldMfllILm6rOqyaxW8mHlsdkCIXENb3EnXQcmWu0l0TnAnZ+B4XZqyXQF4YE9jA=="
      },
      "Microsoft.AspNetCore.Mvc.Testing": {
        "type": "Direct",
        "requested": "[10.0.8, )",
        "resolved": "10.0.8",
        "contentHash": "C9kMpUciPgx7ObqoO6W+eXEf3zHFWb7XpQgFJBzdO8GsmmVYrgcErTLMuki6e3EihycGpHbcJECYHDgM7XRMkg==",
        "dependencies": {
          "Microsoft.AspNetCore.TestHost": "10.0.8",
          "Microsoft.Extensions.DependencyModel": "10.0.8",
          "Microsoft.Extensions.Hosting": "10.0.8"
        }
      },
      "Microsoft.NET.Test.Sdk": {
        "type": "Direct",
        "requested": "[18.6.0, )",
        "resolved": "18.6.0",
        "contentHash": "kAIBt0MsYR0o2RULmlW5BhQ1ha50aGEgLKG4f1p0kePBGLJCprqs3S+NxRrYN8UH7mSQRPKpeiH9mwPMEKUObQ==",
        "dependencies": {
          "Microsoft.CodeCoverage": "18.6.0",
          "Microsoft.TestPlatform.TestHost": "18.6.0"
        }
      },
      "MSTest": {
        "type": "Direct",
        "requested": "[4.1.0, )",
        "resolved": "4.1.0",
        "contentHash": "2bk47yg7HcHRyf6Zf0XgCZicTVTQj4D5lonYTO7lWMxCQB+x66VrQNc2dADBfzthKXfHaA37m8i+VV5h6SbWiA==",
        "dependencies": {
          "MSTest.TestAdapter": "4.1.0",
          "MSTest.TestFramework": "4.1.0",
          "Microsoft.NET.Test.Sdk": "18.0.1",
          "Microsoft.Testing.Extensions.CodeCoverage": "18.4.1",
          "Microsoft.Testing.Extensions.TrxReport": "2.1.0"
        }
      },
      "Microsoft.ApplicationInsights": {
        "type": "Transitive",
        "resolved": "2.23.0",
        "contentHash": "nWArUZTdU7iqZLycLKWe0TDms48KKGE6pONH2terYNa8REXiqixrMOkf1sk5DHGMaUTqONU2YkS4SAXBhLStgw=="
      },
      "Microsoft.AspNetCore.Authorization": {
        "type": "Transitive",
        "resolved": "10.0.1",
        "contentHash": "Y9QE0gH4Q4cR7ZRToFju47c1MoeqxaLHdpzOviqD2TmnGGAeDMT9AV56j2BOVm5CsJAVyI/USxLYrkk2NVinZA==",
        "dependencies": {
          "Microsoft.AspNetCore.Metadata": "10.0.1",
          "Microsoft.Extensions.Diagnostics": "10.0.1",
          "Microsoft.Extensions.Logging.Abstractions": "10.0.1",
          "Microsoft.Extensions.Options": "10.0.1"
        }
      },
      "Microsoft.AspNetCore.Components": {
        "type": "Transitive",
        "resolved": "10.0.1",
        "contentHash": "SbABcQ7soM9jC/HvPKrg/smQxsMD2gW9iHBRFtBiYTMSs5Vqh7+i47BTOe3OM3IGzly2FiOmeNHJhMYK7YFGWA==",
        "dependencies": {
          "Microsoft.AspNetCore.Authorization": "10.0.1",
          "Microsoft.AspNetCore.Components.Analyzers": "10.0.1"
        }
      },
      "Microsoft.AspNetCore.Components.Analyzers": {
        "type": "Transitive",
        "resolved": "10.0.1",
        "contentHash": "V4nOq0mNoX9OWz9pJz4uLcAu4GXWUKKHeoxKwugYhFOh4Yh3n7/+xXfgSXK1PZZOIQ3e1vJ7CNvB6evv4YphEA=="
      },
      "Microsoft.AspNetCore.Components.Forms": {
        "type": "Transitive",
        "resolved": "10.0.1",
        "contentHash": "aWUpLOz749gwMMaKe81tet+INC8nfskbauF2VO5Qr3lspj/l8S24zNLr95Bl8EwAizvBCNqwb8fPFU1dnn3WbA==",
        "dependencies": {
          "Microsoft.AspNetCore.Components": "10.0.1",
          "Microsoft.Extensions.Validation": "10.0.1"
        }
      },
      "Microsoft.AspNetCore.Components.Web": {
        "type": "Transitive",
        "resolved": "10.0.1",
        "contentHash": "hX74ijqAiUfIo6WpvLWignGYp7tkrRR3KRVBErwFSAcsiHeaCxGM81fYRXd9rf+gkFUNoKvcSxYyVZc2vFJVXg==",
        "dependencies": {
          "Microsoft.AspNetCore.Components": "10.0.1",
          "Microsoft.AspNetCore.Components.Forms": "10.0.1",
          "Microsoft.Extensions.DependencyInjection": "10.0.1",
          "Microsoft.Extensions.Primitives": "10.0.1",
          "Microsoft.JSInterop": "10.0.1"
        }
      },
      "Microsoft.AspNetCore.Metadata": {
        "type": "Transitive",
        "resolved": "10.0.1",
        "contentHash": "6JrG03xROuR4mQIHGcT8OnaKVBoPLLbto5RicKQIUV3JIU7cZYKIWDAnk0SQcl7ziQr6R327D6QBOo+PbYnnrw=="
      },
      "Microsoft.AspNetCore.TestHost": {
        "type": "Transitive",
        "resolved": "10.0.8",
        "contentHash": "HRH/XAke90wkHv9ykCsrvpVqvKOUt53jQzvHHIXrPIPZWAjyPq6B5/InCmPYWvme+WKMXD10rplMAitzNMtC3w=="
      },
      "Microsoft.CodeCoverage": {
        "type": "Transitive",
        "resolved": "18.6.0",
        "contentHash": "bkmCXn/65Cd0LdO2zTb/ValGAJ1H8y/CgYOiBb3jsDyHI3Y1ljKx6RBvhvn3e5D/4R4I00RRwLf+Bd2Sn6bJjA=="
      },
      "Microsoft.DiaSymReader": {
        "type": "Transitive",
        "resolved": "2.0.0",
        "contentHash": "QcZrCETsBJqy/vQpFtJc+jSXQ0K5sucQ6NUFbTNVHD4vfZZOwjZ/3sBzczkC4DityhD3AVO/+K/+9ioLs1AgRA=="
      },
      "Microsoft.Extensions.Configuration": {
        "type": "Transitive",
        "resolved": "10.0.8",
        "contentHash": "ehZcoPbjzWzS4XFvuz7R3V55SmpdkyMqFURLH3yXaN9NtXd9tR6CGB7pd49HYtCkenl+G7ctXSFLhNI08xLfRg==",
        "dependencies": {
          "Microsoft.Extensions.Configuration.Abstractions": "10.0.8",
          "Microsoft.Extensions.Primitives": "10.0.8"
        }
      },
      "Microsoft.Extensions.Configuration.Binder": {
        "type": "Transitive",
        "resolved": "10.0.8",
        "contentHash": "R3NN1X+kVu14uoxLEW6sBSQyhogDSbaOQzILnCtuXxBN4hx22AgjWPwZX6v/suERFkEDgU1lk12AglHTrUxhlw==",
        "dependencies": {
          "Microsoft.Extensions.Configuration": "10.0.8",
          "Microsoft.Extensions.Configuration.Abstractions": "10.0.8"
        }
      },
      "Microsoft.Extensions.Configuration.CommandLine": {
        "type": "Transitive",
        "resolved": "10.0.8",
        "contentHash": "nQXq1a4MiInYh+0VF9fguxAl06q2ftmOyYQ+5e933s4rk57xjgkbTjUdFUySzjrcrvDeWsSqlZB+TE8+TbM2HA==",
        "dependencies": {
          "Microsoft.Extensions.Configuration": "10.0.8",
          "Microsoft.Extensions.Configuration.Abstractions": "10.0.8"
        }
      },
      "Microsoft.Extensions.Configuration.EnvironmentVariables": {
        "type": "Transitive",
        "resolved": "10.0.8",
        "contentHash": "bVGqctAfPGfTxJvNp8pMshtvpsUj6r6JkeiCNVIGVYO5gBxuxdN0Lbr25kEvE/zXdctkEc44g8HssnPgDnFGVA==",
        "dependencies": {
          "Microsoft.Extensions.Configuration": "10.0.8",
          "Microsoft.Extensions.Configuration.Abstractions": "10.0.8"
        }
      },
      "Microsoft.Extensions.Configuration.FileExtensions": {
        "type": "Transitive",
        "resolved": "10.0.8",
        "contentHash": "1g9mzuu8gIHkjYb0jLxOTQVl/QDG5nn0b0JzgT/gbgNKr6gXZzxOHRAsdYRc1eDApB7LdHR8uK5vQrNjIQdRrQ==",
        "dependencies": {
          "Microsoft.Extensions.Configuration": "10.0.8",
          "Microsoft.Extensions.Configuration.Abstractions": "10.0.8",
          "Microsoft.Extensions.FileProviders.Abstractions": "10.0.8",
          "Microsoft.Extensions.FileProviders.Physical": "10.0.8",
          "Microsoft.Extensions.Primitives": "10.0.8"
        }
      },
      "Microsoft.Extensions.Configuration.Json": {
        "type": "Transitive",
        "resolved": "10.0.8",
        "contentHash": "KLtAZ6A38s1pIfCO2ns6aG14NNGMYNZ4PBYfFK4M+R4A+xuSc6oklhqDcpHZxvDpyBWeFtR5C8iQBw2ng8tUHQ==",
        "dependencies": {
          "Microsoft.Extensions.Configuration": "10.0.8",
          "Microsoft.Extensions.Configuration.Abstractions": "10.0.8",
          "Microsoft.Extensions.Configuration.FileExtensions": "10.0.8",
          "Microsoft.Extensions.FileProviders.Abstractions": "10.0.8"
        }
      },
      "Microsoft.Extensions.Configuration.UserSecrets": {
        "type": "Transitive",
        "resolved": "10.0.8",
        "contentHash": "6XTfFOnf27WY8kEeZkTZ4YNn0t+imgvdQ0YaAdR4vgURKATo9bCaVJ1KB71IOJAQtJP7Elb53VHlTNXg2CtSsA==",
        "dependencies": {
          "Microsoft.Extensions.Configuration.Abstractions": "10.0.8",
          "Microsoft.Extensions.Configuration.Json": "10.0.8",
          "Microsoft.Extensions.FileProviders.Abstractions": "10.0.8",
          "Microsoft.Extensions.FileProviders.Physical": "10.0.8"
        }
      },
      "Microsoft.Extensions.DependencyInjection": {
        "type": "Transitive",
        "resolved": "10.0.8",
        "contentHash": "daf62xHIrq8pnE709hgaZZN9tSam9TGGepWe1+bE6V3GEuVwJiMs6ib+38lfMCyAJAHiX0vapxBhsuMSV7U+cg==",
        "dependencies": {
          "Microsoft.Extensions.DependencyInjection.Abstractions": "10.0.8"
        }
      },
      "Microsoft.Extensions.DependencyModel": {
        "type": "Transitive",
        "resolved": "10.0.8",
        "contentHash": "vLyZVpxmduO2jx+76ggqnsA3m81kwMY3NkWciNTj5E+Nvqb0VihqCvQP89QsGONWp0AJwMZG+u9GzaCjDdFGNw=="
      },
      "Microsoft.Extensions.Diagnostics": {
        "type": "Transitive",
        "resolved": "10.0.8",
        "contentHash": "uduyw9d3Fi+sbredO5drA1S44AQS2FRNFyn72UmB2vmQIO1qaXprpp1U/2lYhYi8yFdVERfY9sy/pxw/qPOU9w==",
        "dependencies": {
          "Microsoft.Extensions.Configuration": "10.0.8",
          "Microsoft.Extensions.Diagnostics.Abstractions": "10.0.8",
          "Microsoft.Extensions.Options.ConfigurationExtensions": "10.0.8"
        }
      },
      "Microsoft.Extensions.Diagnostics.Abstractions": {
        "type": "Transitive",
        "resolved": "10.0.8",
        "contentHash": "+f4C5g78QCGNyxzUfrTYsB7qYx06Zca0e88s3qFlea9/lQhgPImYdNprlgzl1uHhRU3fVHLfmbijayU2sJEZ6w==",
        "dependencies": {
          "Microsoft.Extensions.DependencyInjection.Abstractions": "10.0.8",
          "Microsoft.Extensions.Options": "10.0.8"
        }
      },
      "Microsoft.Extensions.FileProviders.Abstractions": {
        "type": "Transitive",
        "resolved": "10.0.8",
        "contentHash": "U+oquaPxFdY8lYeEIWO/AD7jDIl9sPW6aVWMQRHU/pZ/SWpLcOrAj2fcLe1HwXl4sYw1ONI56K/eELT3xr4RRQ==",
        "dependencies": {
          "Microsoft.Extensions.Primitives": "10.0.8"
        }
      },
      "Microsoft.Extensions.FileProviders.Physical": {
        "type": "Transitive",
        "resolved": "10.0.8",
        "contentHash": "GkPvQe6IdidLu6Q3Lw6+B8NJpW8feW8czZ5mBKt5rXM/x8MvZfEp5WvAsjznzDGd23chIDrW0b2mmt+ScnEgiw==",
        "dependencies": {
          "Microsoft.Extensions.FileProviders.Abstractions": "10.0.8",
          "Microsoft.Extensions.FileSystemGlobbing": "10.0.8",
          "Microsoft.Extensions.Primitives": "10.0.8"
        }
      },
      "Microsoft.Extensions.FileSystemGlobbing": {
        "type": "Transitive",
        "resolved": "10.0.8",
        "contentHash": "IUQet3SY51xIFcFZKtAB6a54/Zdxs7T3SQ84kJtOD6yeXfZgiOMksACWD5qtTmXGQGFH4QYGBOT0KIO8Uy/dJw=="
      },
      "Microsoft.Extensions.Hosting": {
        "type": "Transitive",
        "resolved": "10.0.8",
        "contentHash": "VfEyM2BipThcSd0GG/FS2ZPCVCTiosVq2zLKEDsfeMIg78sOVZPEmS7CgWlb+dqTlgXvLSL4OG2q6sM4xRhHNg==",
        "dependencies": {
          "Microsoft.Extensions.Configuration": "10.0.8",
          "Microsoft.Extensions.Configuration.Abstractions": "10.0.8",
          "Microsoft.Extensions.Configuration.Binder": "10.0.8",
          "Microsoft.Extensions.Configuration.CommandLine": "10.0.8",
          "Microsoft.Extensions.Configuration.EnvironmentVariables": "10.0.8",
          "Microsoft.Extensions.Configuration.FileExtensions": "10.0.8",
          "Microsoft.Extensions.Configuration.Json": "10.0.8",
          "Microsoft.Extensions.Configuration.UserSecrets": "10.0.8",
          "Microsoft.Extensions.DependencyInjection": "10.0.8",
          "Microsoft.Extensions.DependencyInjection.Abstractions": "10.0.8",
          "Microsoft.Extensions.Diagnostics": "10.0.8",
          "Microsoft.Extensions.FileProviders.Abstractions": "10.0.8",
          "Microsoft.Extensions.FileProviders.Physical": "10.0.8",
          "Microsoft.Extensions.Hosting.Abstractions": "10.0.8",
          "Microsoft.Extensions.Logging": "10.0.8",
          "Microsoft.Extensions.Logging.Abstractions": "10.0.8",
          "Microsoft.Extensions.Logging.Configuration": "10.0.8",
          "Microsoft.Extensions.Logging.Console": "10.0.8",
          "Microsoft.Extensions.Logging.Debug": "10.0.8",
          "Microsoft.Extensions.Logging.EventLog": "10.0.8",
          "Microsoft.Extensions.Logging.EventSource": "10.0.8",
          "Microsoft.Extensions.Options": "10.0.8"
        }
      },
      "Microsoft.Extensions.Hosting.Abstractions": {
        "type": "Transitive",
        "resolved": "10.0.8",
        "contentHash": "MoOWFPT88/pDfmWpbU9PydKRX/rJFQkliowE/L9wbQcl94IicUphb5BFgepkWiDkYYxPnuEqjN4buzOGW4vJpQ==",
        "dependencies": {
          "Microsoft.Extensions.Configuration.Abstractions": "10.0.8",
          "Microsoft.Extensions.DependencyInjection.Abstractions": "10.0.8",
          "Microsoft.Extensions.Diagnostics.Abstractions": "10.0.8",
          "Microsoft.Extensions.FileProviders.Abstractions": "10.0.8",
          "Microsoft.Extensions.Logging.Abstractions": "10.0.8"
        }
      },
      "Microsoft.Extensions.Localization": {
        "type": "Transitive",
        "resolved": "10.0.1",
        "contentHash": "yJBI3IRm9uTRu7cPc7i90/8+CuiiJJ5M4khj6iWQcYnq6VrG+H2U5GzpRLtkVCsgxc1LjtkNMEbSDatfBA+z5g==",
        "dependencies": {
          "Microsoft.Extensions.DependencyInjection.Abstractions": "10.0.1",
          "Microsoft.Extensions.Localization.Abstractions": "10.0.1",
          "Microsoft.Extensions.Logging.Abstractions": "10.0.1",
          "Microsoft.Extensions.Options": "10.0.1"
        }
      },
      "Microsoft.Extensions.Localization.Abstractions": {
        "type": "Transitive",
        "resolved": "10.0.1",
        "contentHash": "TQSQWF+iZdtGNgPiu7gKUqrTEeRD/mhk7KeYiuEwmTUPbawsYfPSNzSvOOeueJ0nU1697X8HZ2vCp2ByHNHkZg=="
      },
      "Microsoft.Extensions.Logging": {
        "type": "Transitive",
        "resolved": "10.0.8",
        "contentHash": "K60JhWC2hN/Gi7TP68tBxSzk5ACWOs7lkmPzsfA8Bcf/IXTajujt2ORMf9rSMk1bsng6Lv4Y3fuxp3bm1+15ug==",
        "dependencies": {
          "Microsoft.Extensions.DependencyInjection": "10.0.8",
          "Microsoft.Extensions.Logging.Abstractions": "10.0.8",
          "Microsoft.Extensions.Options": "10.0.8"
        }
      },
      "Microsoft.Extensions.Logging.Configuration": {
        "type": "Transitive",
        "resolved": "10.0.8",
        "contentHash": "rxSLTO7xTbcC3DuEJHNEijBr8g14Jj62zQ+DeFu68bsoTYoU8jLcMhc1735PV21bESXsATlL5LsfaWH71FOWAg==",
        "dependencies": {
          "Microsoft.Extensions.Configuration": "10.0.8",
          "Microsoft.Extensions.Configuration.Abstractions": "10.0.8",
          "Microsoft.Extensions.Configuration.Binder": "10.0.8",
          "Microsoft.Extensions.DependencyInjection.Abstractions": "10.0.8",
          "Microsoft.Extensions.Logging": "10.0.8",
          "Microsoft.Extensions.Logging.Abstractions": "10.0.8",
          "Microsoft.Extensions.Options": "10.0.8",
          "Microsoft.Extensions.Options.ConfigurationExtensions": "10.0.8"
        }
      },
      "Microsoft.Extensions.Logging.Console": {
        "type": "Transitive",
        "resolved": "10.0.8",
        "contentHash": "6cv53sHsPnFS56PJw8X4GbNcjeX1KGyFJRxJWvxOgK63cnqeSB1k1eRwjUdkse0tBhwlH6qc9EOYDlan+CYTuw==",
        "dependencies": {
          "Microsoft.Extensions.DependencyInjection.Abstractions": "10.0.8",
          "Microsoft.Extensions.Logging": "10.0.8",
          "Microsoft.Extensions.Logging.Abstractions": "10.0.8",
          "Microsoft.Extensions.Logging.Configuration": "10.0.8",
          "Microsoft.Extensions.Options": "10.0.8"
        }
      },
      "Microsoft.Extensions.Logging.Debug": {
        "type": "Transitive",
        "resolved": "10.0.8",
        "contentHash": "4HW3M1lGHHDwEYcDZHRNptBQ48LCI2yW+XV4vuxdfQUqafTpVT8j9RqAsez08krZKhIiaArWu8iQq5uRKZ9Ffg==",
        "dependencies": {
          "Microsoft.Extensions.DependencyInjection.Abstractions": "10.0.8",
          "Microsoft.Extensions.Logging": "10.0.8",
          "Microsoft.Extensions.Logging.Abstractions": "10.0.8"
        }
      },
      "Microsoft.Extensions.Logging.EventLog": {
        "type": "Transitive",
        "resolved": "10.0.8",
        "contentHash": "kK/C3SLIoGrcZvddYQw4eMm6YaROiSYBO7YgUR5Hdv5l+GIjBmbvQK5cST2FqjeubiAOPqFEimBT2N/8wVI+3A==",
        "dependencies": {
          "Microsoft.Extensions.DependencyInjection.Abstractions": "10.0.8",
          "Microsoft.Extensions.Logging": "10.0.8",
          "Microsoft.Extensions.Logging.Abstractions": "10.0.8",
          "Microsoft.Extensions.Options": "10.0.8",
          "System.Diagnostics.EventLog": "10.0.8"
        }
      },
      "Microsoft.Extensions.Logging.EventSource": {
        "type": "Transitive",
        "resolved": "10.0.8",
        "contentHash": "HX2M0MgzwQM8jpLe3AYAEMd0YsUfOP5RgGrDuk+Ki9n7HSuMbvLm9TEV3qRI3Pg9aqxc56GfgK/KdMRBhfWwKw==",
        "dependencies": {
          "Microsoft.Extensions.DependencyInjection.Abstractions": "10.0.8",
          "Microsoft.Extensions.Logging": "10.0.8",
          "Microsoft.Extensions.Logging.Abstractions": "10.0.8",
          "Microsoft.Extensions.Options": "10.0.8",
          "Microsoft.Extensions.Primitives": "10.0.8"
        }
      },
      "Microsoft.Extensions.Options.ConfigurationExtensions": {
        "type": "Transitive",
        "resolved": "10.0.8",
        "contentHash": "VOapXeO3lhBH0zYoyAH7tjapuo4V5pTHlevPpiSHueEquAajqd5nF0mttm+h/uE/exwAEuM5s26SzOJtletE3w==",
        "dependencies": {
          "Microsoft.Extensions.Configuration.Abstractions": "10.0.8",
          "Microsoft.Extensions.Configuration.Binder": "10.0.8",
          "Microsoft.Extensions.DependencyInjection.Abstractions": "10.0.8",
          "Microsoft.Extensions.Options": "10.0.8",
          "Microsoft.Extensions.Primitives": "10.0.8"
        }
      },
      "Microsoft.Extensions.Primitives": {
        "type": "Transitive",
        "resolved": "10.0.8",
        "contentHash": "OBPo4nYhMyIbtueoC10CBm6AGAbo/A9IV8QQ/6ryZS7VvmqpGT7hunazeHLxFawRzn3oLOq4jhqhpBX4tfswWQ=="
      },
      "Microsoft.Extensions.Validation": {
        "type": "Transitive",
        "resolved": "10.0.1",
        "contentHash": "5bcu9zWhgY8AZUN1ERNH0BQKFh10xlx4UrCh+0cDn7wB01QkrK4S6Jh45fCgEqmWJWVGqBS2g8MN0Lu/99Zgdg==",
        "dependencies": {
          "Microsoft.Extensions.DependencyInjection.Abstractions": "10.0.1",
          "Microsoft.Extensions.Options": "10.0.1"
        }
      },
      "Microsoft.JSInterop": {
        "type": "Transitive",
        "resolved": "10.0.1",
        "contentHash": "pTfoYBjs7HKmTEk9cNWcSySdTKT8USjviLgmMaSs/YA0+oONufKy9hqqZ5EE4CNy9y24SDDc9lerXfV7aiVfWA=="
      },
      "Microsoft.Testing.Extensions.CodeCoverage": {
        "type": "Transitive",
        "resolved": "18.4.1",
        "contentHash": "l1VZM9dg9s76L5D288ipAT4HRYDJ6Vxh8wX20gfS9VnpueedRfN4/aGNn4oA1g6pwq2WSM3Ci7IoSSGPiqu+WQ==",
        "dependencies": {
          "Microsoft.DiaSymReader": "2.0.0",
          "Microsoft.Extensions.DependencyModel": "8.0.2",
          "Microsoft.Testing.Platform": "2.0.2"
        }
      },
      "Microsoft.Testing.Extensions.Telemetry": {
        "type": "Transitive",
        "resolved": "2.1.0",
        "contentHash": "5TwgTx2u7k9Al/xbZ18QXq4Hdy2xewkVTI6K3sk+jY2ykqUkIKNuj7rFu3GOV5KnEUkevhw6eZcyZs77STHJIA==",
        "dependencies": {
          "Microsoft.ApplicationInsights": "2.23.0",
          "Microsoft.Testing.Platform": "2.1.0"
        }
      },
      "Microsoft.Testing.Extensions.TrxReport": {
        "type": "Transitive",
        "resolved": "2.1.0",
        "contentHash": "cXmP225WcMLLOSrW8xekaNhfzdBwXX3cbXbE5qSzmLbK0KZe3z8rAObKj70FWiPPPzm2W22x0ZW93gsmAfK6Mg==",
        "dependencies": {
          "Microsoft.Testing.Extensions.TrxReport.Abstractions": "2.1.0",
          "Microsoft.Testing.Platform": "2.1.0"
        }
      },
      "Microsoft.Testing.Extensions.TrxReport.Abstractions": {
        "type": "Transitive",
        "resolved": "2.1.0",
        "contentHash": "D8xmIJYQFJ6D49Rx5/vPrkZZxb338Jkew+eSqZLBfBiWKw4QZKy3i1BOXiLfz0lOmaNErwDz/YWRojCdNl+B9Q==",
        "dependencies": {
          "Microsoft.Testing.Platform": "2.1.0"
        }
      },
      "Microsoft.Testing.Extensions.VSTestBridge": {
        "type": "Transitive",
        "resolved": "2.1.0",
        "contentHash": "bNRIEA2YoGr+Y+7LHdA7i1U80+7BAdf4K4Qh4Kx6eKkoBK/NV7QpoMg+GWPP0/eqAFzuUmUOIPVZ87Oo0Vyxmw==",
        "dependencies": {
          "Microsoft.TestPlatform.ObjectModel": "18.0.1",
          "Microsoft.Testing.Extensions.Telemetry": "2.1.0",
          "Microsoft.Testing.Extensions.TrxReport.Abstractions": "2.1.0",
          "Microsoft.Testing.Platform": "2.1.0"
        }
      },
      "Microsoft.Testing.Platform": {
        "type": "Transitive",
        "resolved": "2.1.0",
        "contentHash": "aHkjNTGIA+Zbdw6RJgSFrbDrCjO0CgqpElqYcvkRSeUhBv2bKarnvU3ep786U7UqrPlArT/B7VmImRibJD0Zrg=="
      },
      "Microsoft.Testing.Platform.MSBuild": {
        "type": "Transitive",
        "resolved": "2.1.0",
        "contentHash": "UpfPebXQtHGrWz21+YLHmJSm+5zsuPE9U9pfdCtoB+67g75fDmWlNgpkH2ZmdVhSwkjNIed9Icg8Iu63z2ei5Q==",
        "dependencies": {
          "Microsoft.Testing.Platform": "2.1.0"
        }
      },
      "Microsoft.TestPlatform.ObjectModel": {
        "type": "Transitive",
        "resolved": "18.6.0",
        "contentHash": "gQTW4BIfM2ZLxixo9ITXoulLKjn20FiiHtqTsx9PENqTrX7368ZeJ5L0QZJyReXDWORPRV8jXwZR6Aar8JOyaA=="
      },
      "Microsoft.TestPlatform.TestHost": {
        "type": "Transitive",
        "resolved": "18.6.0",
        "contentHash": "em1eLz5Q46+hsCtAXdXggWAPd9gQyT4ngdsQ7k1eWvQgpsjtS/wAOJ/5TteieFdiAvrEq1iVn00LtusAxRaVmQ==",
        "dependencies": {
          "Microsoft.TestPlatform.ObjectModel": "18.6.0",
          "Newtonsoft.Json": "13.0.3"
        }
      },
      "MSTest.Analyzers": {
        "type": "Transitive",
        "resolved": "4.1.0",
        "contentHash": "4ElL/aqomiUInr090VN4udqz46AuszXLrifHkLrgj0zb7na8eAoyUQt3BwDLTcGd1bSkmk3SfD02rZtKU+ZiqQ=="
      },
      "MSTest.TestAdapter": {
        "type": "Transitive",
        "resolved": "4.1.0",
        "contentHash": "bRW1Hftwq0XbcVExcAbj4YAfSZDRAziL0mygDkPBvaUe2nSsWFQIatze5lHVjPFJMvSFgWnItku4pguIy5FowQ==",
        "dependencies": {
          "MSTest.TestFramework": "4.1.0",
          "Microsoft.Testing.Extensions.VSTestBridge": "2.1.0",
          "Microsoft.Testing.Platform.MSBuild": "2.1.0"
        }
      },
      "MSTest.TestFramework": {
        "type": "Transitive",
        "resolved": "4.1.0",
        "contentHash": "BzpvsK+CRbk6khwY62h+7HfYzIxtJXyPv9tOI9T90cy5CVy+WI1JkN4ZaNL4Dobqb6dywSwabLTIbPZKpdrr+A==",
        "dependencies": {
          "MSTest.Analyzers": "4.1.0"
        }
      },
      "Newtonsoft.Json": {
        "type": "Transitive",
        "resolved": "13.0.3",
        "contentHash": "HrC5BXdl00IP9zeV+0Z848QWPAoCr9P3bDEZguI+gkLcBKAOxix/tLEAAHC+UvDNPv4a2d18lOReHMOagPa+zQ=="
      },
      "System.Diagnostics.EventLog": {
        "type": "Transitive",
        "resolved": "10.0.8",
        "contentHash": "+Ro7WgIom+BDNH+YhTuZKL6QJ0ctfOpTyfUG/h3aU5KwXt3OaNf0wYWrTvoBUj+34Dy5V8dN9yCco1hAJQ4txw=="
      },
      "hvo.gateway.tplinkkasa": {
        "type": "Project",
        "dependencies": {
          "HVO.WebSite.Themes": "[1.0.0, )",
          "MudBlazor": "[9.5.0, )"
        }
      },
      "hvo.website.themes": {
        "type": "Project"
      },
      "Microsoft.Extensions.Configuration.Abstractions": {
        "type": "CentralTransitive",
        "requested": "[10.0.7, )",
        "resolved": "10.0.8",
        "contentHash": "I63esIFbL3h5pSt7gXpXOlmcwDmYBUoYNEglKfDPFUqtYvSV84f2l28hO2lfVXsV0wdlplgAM7IVz16matapSg==",
        "dependencies": {
          "Microsoft.Extensions.Primitives": "10.0.8"
        }
      },
      "Microsoft.Extensions.DependencyInjection.Abstractions": {
        "type": "CentralTransitive",
        "requested": "[10.0.7, )",
        "resolved": "10.0.8",
        "contentHash": "21nbDV60SRPWGIivsyl6lqBeEJNG1sginhhfWgRrr3Ais7aQ12To25OAHQxgoiJkjqy1aQ6RxpZBGYuTi7Ge6A=="
      },
      "Microsoft.Extensions.Logging.Abstractions": {
        "type": "CentralTransitive",
        "requested": "[10.0.7, )",
        "resolved": "10.0.8",
        "contentHash": "fdVadZmsC8jRP0KvKy8mO8f6GV/HyBvElfcSxEhd+5FM5boAw/01iSaCto5G3G37ApJira4A3pNaVvBv8cUiLQ==",
        "dependencies": {
          "Microsoft.Extensions.DependencyInjection.Abstractions": "10.0.8"
        }
      },
      "Microsoft.Extensions.Options": {
        "type": "CentralTransitive",
        "requested": "[10.0.8, )",
        "resolved": "10.0.8",
        "contentHash": "VBD+131DpTNCNDfA4kIyKTiCySvJGNhwibdWBSdFRu7GMfXLXcXODkgA+KStKbbhzraLglZWUN4nXyHgW4JIRA==",
        "dependencies": {
          "Microsoft.Extensions.DependencyInjection.Abstractions": "10.0.8",
          "Microsoft.Extensions.Primitives": "10.0.8"
        }
      },
      "MudBlazor": {
        "type": "CentralTransitive",
        "requested": "[9.5.0, )",
        "resolved": "9.5.0",
        "contentHash": "mZiuKdOG42RkA/cZhiwNwbBZAKBExDx387ylvxzokcenRFHi8n4tq8olGuXs/oWNX1Qgo7Tj7J0AhOjjSnTpcw==",
        "dependencies": {
          "Microsoft.AspNetCore.Components": "10.0.1",
          "Microsoft.AspNetCore.Components.Web": "10.0.1",
          "Microsoft.Extensions.Localization": "10.0.1"
        }
      }
    }
  }
}